{
  "version": 4,
  "terraform_version": "1.14.8",
  "serial": 627,
  "lineage": "58fc7164-a4e2-d658-0d2f-efac0d53b546",
  "outputs": {
    "api_endpoint": {
      "value": "https://lpsv7rmahb.execute-api.us-east-1.amazonaws.com/dev",
      "type": "string"
    },
    "cognito_client_id": {
      "value": "4fh5p076l7bb0th9p4uc9bd10u",
      "type": "string"
    },
    "cognito_user_pool_id": {
      "value": "us-east-1_EW4rM5Uqx",
      "type": "string"
    },
    "dynamodb_table_name": {
      "value": "users-dev",
      "type": "string"
    },
    "lambda_function_name": {
      "value": "users-crud-dev",
      "type": "string"
    },
    "ses_from_email": {
      "value": "wilavel@gmail.com",
      "type": "string"
    }
  },
  "resources": [
    {
      "module": "module.api_gateway",
      "mode": "managed",
      "type": "aws_apigatewayv2_api",
      "name": "users_api",
      "provider": "provider[\"registry.terraform.io/hashicorp/aws\"]",
      "instances": [
        {
          "schema_version": 0,
          "attributes": {
            "api_endpoint": "https://lpsv7rmahb.execute-api.us-east-1.amazonaws.com",
            "api_key_selection_expression": "$request.header.x-api-key",
            "arn": "arn:aws:apigateway:us-east-1::/apis/lpsv7rmahb",
            "body": null,
            "cors_configuration": [
              {
                "allow_credentials": false,
                "allow_headers": [
                  "*"
                ],
                "allow_methods": [
                  "*"
                ],
                "allow_origins": [
                  "*"
                ],
                "expose_headers": [
                  "*"
                ],
                "max_age": 300
              }
            ],
            "credentials_arn": null,
            "description": "",
            "disable_execute_api_endpoint": false,
            "execution_arn": "arn:aws:execute-api:us-east-1:640168409035:lpsv7rmahb",
            "fail_on_warnings": null,
            "id": "lpsv7rmahb",
            "ip_address_type": "ipv4",
            "name": "dev-users-api",
            "protocol_type": "HTTP",
            "route_key": null,
            "route_selection_expression": "$request.method $request.path",
            "tags": {
              "Environment": "dev",
              "Project": "users-api"
            },
            "tags_all": {
              "Environment": "dev",
              "Project": "users-api"
            },
            "target": null,
            "version": ""
          },
          "sensitive_attributes": [],
          "identity_schema_version": 0,
          "private": "eyJzY2hlbWFfdmVyc2lvbiI6IjAifQ=="
        }
      ]
    },
    {
      "module": "module.api_gateway",
      "mode": "managed",
      "type": "aws_apigatewayv2_authorizer",
      "name": "jwt",
      "provider": "provider[\"registry.terraform.io/hashicorp/aws\"]",
      "instances": [
        {
          "schema_version": 0,
          "attributes": {
            "api_id": "lpsv7rmahb",
            "authorizer_credentials_arn": "",
            "authorizer_payload_format_version": "",
            "authorizer_result_ttl_in_seconds": 0,
            "authorizer_type": "JWT",
            "authorizer_uri": "",
            "enable_simple_responses": false,
            "id": "tg70tp",
            "identity_sources": [
              "$request.header.Authorization"
            ],
            "jwt_configuration": [
              {
                "audience": [
                  "4fh5p076l7bb0th9p4uc9bd10u"
                ],
                "issuer": "https://cognito-idp.us-east-1.amazonaws.com/us-east-1_EW4rM5Uqx"
              }
            ],
            "name": "cognito-jwt-authorizer",
            "timeouts": null
          },
          "sensitive_attributes": [],
          "identity_schema_version": 0,
          "private": "eyJlMmJmYjczMC1lY2FhLTExZTYtOGY4OC0zNDM2M2JjN2M0YzAiOnsiZGVsZXRlIjoxODAwMDAwMDAwMDAwfX0=",
          "dependencies": [
            "module.api_gateway.aws_apigatewayv2_api.users_api",
            "module.cognito.data.aws_cognito_user_pool.users_pool",
            "module.cognito.data.aws_cognito_user_pool_client.users_client"
          ]
        }
      ]
    },
    {
      "module": "module.api_gateway",
      "mode": "managed",
      "type": "aws_apigatewayv2_integration",
      "name": "availability_integration",
      "provider": "provider[\"registry.terraform.io/hashicorp/aws\"]",
      "instances": [
        {
          "schema_version": 0,
          "attributes": {
            "api_id": "lpsv7rmahb",
            "connection_id": "",
            "connection_type": "INTERNET",
            "content_handling_strategy": "",
            "credentials_arn": "",
            "description": "",
            "id": "95s89kq",
            "integration_method": "POST",
            "integration_response_selection_expression": "",
            "integration_subtype": "",
            "integration_type": "AWS_PROXY",
            "integration_uri": "arn:aws:apigateway:us-east-1:lambda:path/2015-03-31/functions/arn:aws:lambda:us-east-1:640168409035:function:availability-crud-dev/invocations",
            "passthrough_behavior": "",
            "payload_format_version": "2.0",
            "request_parameters": {},
            "request_templates": {},
            "response_parameters": [],
            "template_selection_expression": "",
            "timeout_milliseconds": 30000,
            "tls_config": []
          },
          "sensitive_attributes": [],
          "identity_schema_version": 0,
          "private": "bnVsbA==",
          "dependencies": [
            "module.api_gateway.aws_apigatewayv2_api.users_api",
            "module.cognito.data.aws_cognito_user_pool.users_pool",
            "module.dynamodb.aws_dynamodb_table.doctor_availability",
            "module.lambda.aws_iam_role.lambda_role",
            "module.lambda.aws_lambda_function.availability_crud"
          ]
        }
      ]
    },
    {
      "module": "module.api_gateway",
      "mode": "managed",
      "type": "aws_apigatewayv2_integration",
      "name": "clinics_integration",
      "provider": "provider[\"registry.terraform.io/hashicorp/aws\"]",
      "instances": [
        {
          "schema_version": 0,
          "attributes": {
            "api_id": "lpsv7rmahb",
            "connection_id": "",
            "connection_type": "INTERNET",
            "content_handling_strategy": "",
            "credentials_arn": "",
            "description": "",
            "id": "6qikfs3",
            "integration_method": "POST",
            "integration_response_selection_expression": "",
            "integration_subtype": "",
            "integration_type": "AWS_PROXY",
            "integration_uri": "arn:aws:apigateway:us-east-1:lambda:path/2015-03-31/functions/arn:aws:lambda:us-east-1:640168409035:function:clinics-crud-dev/invocations",
            "passthrough_behavior": "",
            "payload_format_version": "2.0",
            "request_parameters": {},
            "request_templates": {},
            "response_parameters": [],
            "template_selection_expression": "",
            "timeout_milliseconds": 30000,
            "tls_config": []
          },
          "sensitive_attributes": [],
          "identity_schema_version": 0,
          "private": "bnVsbA==",
          "dependencies": [
            "module.api_gateway.aws_apigatewayv2_api.users_api",
            "module.cognito.data.aws_cognito_user_pool.users_pool",
            "module.dynamodb.aws_dynamodb_table.clinics_table",
            "module.dynamodb.aws_dynamodb_table.user_clinic_adscription",
            "module.lambda.aws_iam_role.lambda_role",
            "module.lambda.aws_lambda_function.clinics_crud"
          ]
        }
      ]
    },
    {
      "module": "module.api_gateway",
      "mode": "managed",
      "type": "aws_apigatewayv2_integration",
      "name": "email_integration",
      "provider": "provider[\"registry.terraform.io/hashicorp/aws\"]",
      "instances": [
        {
          "schema_version": 0,
          "attributes": {
            "api_id": "lpsv7rmahb",
            "connection_id": "",
            "connection_type": "INTERNET",
            "content_handling_strategy": "",
            "credentials_arn": "",
            "description": "",
            "id": "9gyyyfo",
            "integration_method": "POST",
            "integration_response_selection_expression": "",
            "integration_subtype": "",
            "integration_type": "AWS_PROXY",
            "integration_uri": "arn:aws:apigateway:us-east-1:lambda:path/2015-03-31/functions/arn:aws:lambda:us-east-1:640168409035:function:email-sender-dev/invocations",
            "passthrough_behavior": "",
            "payload_format_version": "2.0",
            "request_parameters": {},
            "request_templates": {},
            "response_parameters": [],
            "template_selection_expression": "",
            "timeout_milliseconds": 30000,
            "tls_config": []
          },
          "sensitive_attributes": [],
          "identity_schema_version": 0,
          "private": "bnVsbA==",
          "dependencies": [
            "module.api_gateway.aws_apigatewayv2_api.users_api",
            "module.lambda.aws_iam_role.lambda_role",
            "module.lambda.aws_lambda_function.email_sender"
          ]
        }
      ]
    },
    {
      "module": "module.api_gateway",
      "mode": "managed",
      "type": "aws_apigatewayv2_integration",
      "name": "lambda_integration",
      "provider": "provider[\"registry.terraform.io/hashicorp/aws\"]",
      "instances": [
        {
          "schema_version": 0,
          "attributes": {
            "api_id": "lpsv7rmahb",
            "connection_id": "",
            "connection_type": "INTERNET",
            "content_handling_strategy": "",
            "credentials_arn": "",
            "description": "Lambda integration",
            "id": "hxipumd",
            "integration_method": "POST",
            "integration_response_selection_expression": "",
            "integration_subtype": "",
            "integration_type": "AWS_PROXY",
            "integration_uri": "arn:aws:apigateway:us-east-1:lambda:path/2015-03-31/functions/arn:aws:lambda:us-east-1:640168409035:function:users-crud-dev/invocations",
            "passthrough_behavior": "",
            "payload_format_version": "2.0",
            "request_parameters": {},
            "request_templates": {},
            "response_parameters": [],
            "template_selection_expression": "",
            "timeout_milliseconds": 30000,
            "tls_config": []
          },
          "sensitive_attributes": [],
          "identity_schema_version": 0,
          "private": "bnVsbA==",
          "dependencies": [
            "module.api_gateway.aws_apigatewayv2_api.users_api",
            "module.cognito.data.aws_cognito_user_pool.users_pool",
            "module.dynamodb.aws_dynamodb_table.user_clinic_adscription",
            "module.dynamodb.aws_dynamodb_table.users_table",
            "module.lambda.aws_iam_role.lambda_role",
            "module.lambda.aws_lambda_function.users_crud"
          ]
        }
      ]
    },
    {
      "module": "module.api_gateway",
      "mode": "managed",
      "type": "aws_apigatewayv2_integration",
      "name": "whatsapp_integration",
      "provider": "provider[\"registry.terraform.io/hashicorp/aws\"]",
      "instances": [
        {
          "schema_version": 0,
          "attributes": {
            "api_id": "lpsv7rmahb",
            "connection_id": "",
            "connection_type": "INTERNET",
            "content_handling_strategy": "",
            "credentials_arn": "",
            "description": "",
            "id": "3p4kmgb",
            "integration_method": "POST",
            "integration_response_selection_expression": "",
            "integration_subtype": "",
            "integration_type": "AWS_PROXY",
            "integration_uri": "arn:aws:apigateway:us-east-1:lambda:path/2015-03-31/functions/arn:aws:lambda:us-east-1:640168409035:function:whatsapp-webhook-dev/invocations",
            "passthrough_behavior": "",
            "payload_format_version": "2.0",
            "request_parameters": {},
            "request_templates": {},
            "response_parameters": [],
            "template_selection_expression": "",
            "timeout_milliseconds": 30000,
            "tls_config": []
          },
          "sensitive_attributes": [],
          "identity_schema_version": 0,
          "private": "eyJzY2hlbWFfdmVyc2lvbiI6IjAifQ==",
          "dependencies": [
            "module.api_gateway.aws_apigatewayv2_api.users_api",
            "module.lambda.aws_iam_role.lambda_role",
            "module.lambda.aws_lambda_function.whatsapp_webhook"
          ]
        }
      ]
    },
    {
      "module": "module.api_gateway",
      "mode": "managed",
      "type": "aws_apigatewayv2_route",
      "name": "delete_clinic",
      "provider": "provider[\"registry.terraform.io/hashicorp/aws\"]",
      "instances": [
        {
          "schema_version": 0,
          "attributes": {
            "api_id": "lpsv7rmahb",
            "api_key_required": false,
            "authorization_scopes": [],
            "authorization_type": "JWT",
            "authorizer_id": "tg70tp",
            "id": "9jxxwfl",
            "model_selection_expression": "",
            "operation_name": "",
            "request_models": {},
            "request_parameter": [],
            "route_key": "DELETE /clinics/{clinic_id}",
            "route_response_selection_expression": "",
            "target": "integrations/6qikfs3"
          },
          "sensitive_attributes": [],
          "identity_schema_version": 0,
          "private": "bnVsbA==",
          "dependencies": [
            "module.api_gateway.aws_apigatewayv2_api.users_api",
            "module.api_gateway.aws_apigatewayv2_authorizer.jwt",
            "module.api_gateway.aws_apigatewayv2_integration.clinics_integration",
            "module.cognito.data.aws_cognito_user_pool.users_pool",
            "module.cognito.data.aws_cognito_user_pool_client.users_client",
            "module.dynamodb.aws_dynamodb_table.clinics_table",
            "module.dynamodb.aws_dynamodb_table.user_clinic_adscription",
            "module.lambda.aws_iam_role.lambda_role",
            "module.lambda.aws_lambda_function.clinics_crud"
          ]
        }
      ]
    },
    {
      "module": "module.api_gateway",
      "mode": "managed",
      "type": "aws_apigatewayv2_route",
      "name": "delete_doctor_availability",
      "provider": "provider[\"registry.terraform.io/hashicorp/aws\"]",
      "instances": [
        {
          "schema_version": 0,
          "attributes": {
            "api_id": "lpsv7rmahb",
            "api_key_required": false,
            "authorization_scopes": [],
            "authorization_type": "JWT",
            "authorizer_id": "tg70tp",
            "id": "3qst8e5",
            "model_selection_expression": "",
            "operation_name": "",
            "request_models": {},
            "request_parameter": [],
            "route_key": "DELETE /doctors/{doctor_id}/availability/{slot_id}",
            "route_response_selection_expression": "",
            "target": "integrations/95s89kq"
          },
          "sensitive_attributes": [],
          "identity_schema_version": 0,
          "private": "bnVsbA==",
          "dependencies": [
            "module.api_gateway.aws_apigatewayv2_api.users_api",
            "module.api_gateway.aws_apigatewayv2_authorizer.jwt",
            "module.api_gateway.aws_apigatewayv2_integration.availability_integration",
            "module.cognito.data.aws_cognito_user_pool.users_pool",
            "module.cognito.data.aws_cognito_user_pool_client.users_client",
            "module.dynamodb.aws_dynamodb_table.doctor_availability",
            "module.lambda.aws_iam_role.lambda_role",
            "module.lambda.aws_lambda_function.availability_crud"
          ]
        }
      ]
    },
    {
      "module": "module.api_gateway",
      "mode": "managed",
      "type": "aws_apigatewayv2_route",
      "name": "delete_user",
      "provider": "provider[\"registry.terraform.io/hashicorp/aws\"]",
      "instances": [
        {
          "schema_version": 0,
          "attributes": {
            "api_id": "lpsv7rmahb",
            "api_key_required": false,
            "authorization_scopes": [],
            "authorization_type": "JWT",
            "authorizer_id": "tg70tp",
            "id": "qzzocuq",
            "model_selection_expression": "",
            "operation_name": "",
            "request_models": {},
            "request_parameter": [],
            "route_key": "DELETE /users/{id}",
            "route_response_selection_expression": "",
            "target": "integrations/hxipumd"
          },
          "sensitive_attributes": [],
          "identity_schema_version": 0,
          "private": "bnVsbA==",
          "dependencies": [
            "module.api_gateway.aws_apigatewayv2_api.users_api",
            "module.api_gateway.aws_apigatewayv2_authorizer.jwt",
            "module.api_gateway.aws_apigatewayv2_integration.lambda_integration",
            "module.cognito.data.aws_cognito_user_pool.users_pool",
            "module.cognito.data.aws_cognito_user_pool_client.users_client",
            "module.dynamodb.aws_dynamodb_table.user_clinic_adscription",
            "module.dynamodb.aws_dynamodb_table.users_table",
            "module.lambda.aws_iam_role.lambda_role",
            "module.lambda.aws_lambda_function.users_crud"
          ]
        }
      ]
    },
    {
      "module": "module.api_gateway",
      "mode": "managed",
      "type": "aws_apigatewayv2_route",
      "name": "get_clinic",
      "provider": "provider[\"registry.terraform.io/hashicorp/aws\"]",
      "instances": [
        {
          "schema_version": 0,
          "attributes": {
            "api_id": "lpsv7rmahb",
            "api_key_required": false,
            "authorization_scopes": [],
            "authorization_type": "JWT",
            "authorizer_id": "tg70tp",
            "id": "ssfjgl0",
            "model_selection_expression": "",
            "operation_name": "",
            "request_models": {},
            "request_parameter": [],
            "route_key": "GET /clinics/{clinic_id}",
            "route_response_selection_expression": "",
            "target": "integrations/6qikfs3"
          },
          "sensitive_attributes": [],
          "identity_schema_version": 0,
          "private": "bnVsbA==",
          "dependencies": [
            "module.api_gateway.aws_apigatewayv2_api.users_api",
            "module.api_gateway.aws_apigatewayv2_authorizer.jwt",
            "module.api_gateway.aws_apigatewayv2_integration.clinics_integration",
            "module.cognito.data.aws_cognito_user_pool.users_pool",
            "module.cognito.data.aws_cognito_user_pool_client.users_client",
            "module.dynamodb.aws_dynamodb_table.clinics_table",
            "module.dynamodb.aws_dynamodb_table.user_clinic_adscription",
            "module.lambda.aws_iam_role.lambda_role",
            "module.lambda.aws_lambda_function.clinics_crud"
          ]
        }
      ]
    },
    {
      "module": "module.api_gateway",
      "mode": "managed",
      "type": "aws_apigatewayv2_route",
      "name": "get_clinic_availability",
      "provider": "provider[\"registry.terraform.io/hashicorp/aws\"]",
      "instances": [
        {
          "schema_version": 0,
          "attributes": {
            "api_id": "lpsv7rmahb",
            "api_key_required": false,
            "authorization_scopes": [],
            "authorization_type": "JWT",
            "authorizer_id": "tg70tp",
            "id": "g6q48yh",
            "model_selection_expression": "",
            "operation_name": "",
            "request_models": {},
            "request_parameter": [],
            "route_key": "GET /clinics/{clinic_id}/availability",
            "route_response_selection_expression": "",
            "target": "integrations/95s89kq"
          },
          "sensitive_attributes": [],
          "identity_schema_version": 0,
          "private": "bnVsbA==",
          "dependencies": [
            "module.api_gateway.aws_apigatewayv2_api.users_api",
            "module.api_gateway.aws_apigatewayv2_authorizer.jwt",
            "module.api_gateway.aws_apigatewayv2_integration.availability_integration",
            "module.cognito.data.aws_cognito_user_pool.users_pool",
            "module.cognito.data.aws_cognito_user_pool_client.users_client",
            "module.dynamodb.aws_dynamodb_table.doctor_availability",
            "module.lambda.aws_iam_role.lambda_role",
            "module.lambda.aws_lambda_function.availability_crud"
          ]
        }
      ]
    },
    {
      "module": "module.api_gateway",
      "mode": "managed",
      "type": "aws_apigatewayv2_route",
      "name": "get_clinics",
      "provider": "provider[\"registry.terraform.io/hashicorp/aws\"]",
      "instances": [
        {
          "schema_version": 0,
          "attributes": {
            "api_id": "lpsv7rmahb",
            "api_key_required": false,
            "authorization_scopes": [],
            "authorization_type": "JWT",
            "authorizer_id": "tg70tp",
            "id": "g6fgd7i",
            "model_selection_expression": "",
            "operation_name": "",
            "request_models": {},
            "request_parameter": [],
            "route_key": "GET /clinics",
            "route_response_selection_expression": "",
            "target": "integrations/6qikfs3"
          },
          "sensitive_attributes": [],
          "identity_schema_version": 0,
          "private": "bnVsbA==",
          "dependencies": [
            "module.api_gateway.aws_apigatewayv2_api.users_api",
            "module.api_gateway.aws_apigatewayv2_authorizer.jwt",
            "module.api_gateway.aws_apigatewayv2_integration.clinics_integration",
            "module.cognito.data.aws_cognito_user_pool.users_pool",
            "module.cognito.data.aws_cognito_user_pool_client.users_client",
            "module.dynamodb.aws_dynamodb_table.clinics_table",
            "module.dynamodb.aws_dynamodb_table.user_clinic_adscription",
            "module.lambda.aws_iam_role.lambda_role",
            "module.lambda.aws_lambda_function.clinics_crud"
          ]
        }
      ]
    },
    {
      "module": "module.api_gateway",
      "mode": "managed",
      "type": "aws_apigatewayv2_route",
      "name": "get_doctor_availability",
      "provider": "provider[\"registry.terraform.io/hashicorp/aws\"]",
      "instances": [
        {
          "schema_version": 0,
          "attributes": {
            "api_id": "lpsv7rmahb",
            "api_key_required": false,
            "authorization_scopes": [],
            "authorization_type": "JWT",
            "authorizer_id": "tg70tp",
            "id": "87km6jg",
            "model_selection_expression": "",
            "operation_name": "",
            "request_models": {},
            "request_parameter": [],
            "route_key": "GET /doctors/{doctor_id}/availability",
            "route_response_selection_expression": "",
            "target": "integrations/95s89kq"
          },
          "sensitive_attributes": [],
          "identity_schema_version": 0,
          "private": "bnVsbA==",
          "dependencies": [
            "module.api_gateway.aws_apigatewayv2_api.users_api",
            "module.api_gateway.aws_apigatewayv2_authorizer.jwt",
            "module.api_gateway.aws_apigatewayv2_integration.availability_integration",
            "module.cognito.data.aws_cognito_user_pool.users_pool",
            "module.cognito.data.aws_cognito_user_pool_client.users_client",
            "module.dynamodb.aws_dynamodb_table.doctor_availability",
            "module.lambda.aws_iam_role.lambda_role",
            "module.lambda.aws_lambda_function.availability_crud"
          ]
        }
      ]
    },
    {
      "module": "module.api_gateway",
      "mode": "managed",
      "type": "aws_apigatewayv2_route",
      "name": "get_user",
      "provider": "provider[\"registry.terraform.io/hashicorp/aws\"]",
      "instances": [
        {
          "schema_version": 0,
          "attributes": {
            "api_id": "lpsv7rmahb",
            "api_key_required": false,
            "authorization_scopes": [],
            "authorization_type": "JWT",
            "authorizer_id": "tg70tp",
            "id": "xauwq7u",
            "model_selection_expression": "",
            "operation_name": "",
            "request_models": {},
            "request_parameter": [],
            "route_key": "GET /users/{id}",
            "route_response_selection_expression": "",
            "target": "integrations/hxipumd"
          },
          "sensitive_attributes": [],
          "identity_schema_version": 0,
          "private": "bnVsbA==",
          "dependencies": [
            "module.api_gateway.aws_apigatewayv2_api.users_api",
            "module.api_gateway.aws_apigatewayv2_authorizer.jwt",
            "module.api_gateway.aws_apigatewayv2_integration.lambda_integration",
            "module.cognito.data.aws_cognito_user_pool.users_pool",
            "module.cognito.data.aws_cognito_user_pool_client.users_client",
            "module.dynamodb.aws_dynamodb_table.user_clinic_adscription",
            "module.dynamodb.aws_dynamodb_table.users_table",
            "module.lambda.aws_iam_role.lambda_role",
            "module.lambda.aws_lambda_function.users_crud"
          ]
        }
      ]
    },
    {
      "module": "module.api_gateway",
      "mode": "managed",
      "type": "aws_apigatewayv2_route",
      "name": "get_users",
      "provider": "provider[\"registry.terraform.io/hashicorp/aws\"]",
      "instances": [
        {
          "schema_version": 0,
          "attributes": {
            "api_id": "lpsv7rmahb",
            "api_key_required": false,
            "authorization_scopes": [],
            "authorization_type": "NONE",
            "authorizer_id": "",
            "id": "vd7q8vi",
            "model_selection_expression": "",
            "operation_name": "",
            "request_models": {},
            "request_parameter": [],
            "route_key": "GET /users",
            "route_response_selection_expression": "",
            "target": "integrations/hxipumd"
          },
          "sensitive_attributes": [],
          "identity_schema_version": 0,
          "private": "bnVsbA==",
          "dependencies": [
            "module.api_gateway.aws_apigatewayv2_api.users_api",
            "module.api_gateway.aws_apigatewayv2_integration.lambda_integration",
            "module.cognito.data.aws_cognito_user_pool.users_pool",
            "module.dynamodb.aws_dynamodb_table.user_clinic_adscription",
            "module.dynamodb.aws_dynamodb_table.users_table",
            "module.lambda.aws_iam_role.lambda_role",
            "module.lambda.aws_lambda_function.users_crud"
          ]
        }
      ]
    },
    {
      "module": "module.api_gateway",
      "mode": "managed",
      "type": "aws_apigatewayv2_route",
      "name": "login",
      "provider": "provider[\"registry.terraform.io/hashicorp/aws\"]",
      "instances": [
        {
          "schema_version": 0,
          "attributes": {
            "api_id": "lpsv7rmahb",
            "api_key_required": false,
            "authorization_scopes": [],
            "authorization_type": "NONE",
            "authorizer_id": "",
            "id": "97az5p7",
            "model_selection_expression": "",
            "operation_name": "",
            "request_models": {},
            "request_parameter": [],
            "route_key": "POST /login",
            "route_response_selection_expression": "",
            "target": "integrations/hxipumd"
          },
          "sensitive_attributes": [],
          "identity_schema_version": 0,
          "private": "bnVsbA==",
          "dependencies": [
            "module.api_gateway.aws_apigatewayv2_api.users_api",
            "module.api_gateway.aws_apigatewayv2_integration.lambda_integration",
            "module.cognito.data.aws_cognito_user_pool.users_pool",
            "module.dynamodb.aws_dynamodb_table.user_clinic_adscription",
            "module.dynamodb.aws_dynamodb_table.users_table",
            "module.lambda.aws_iam_role.lambda_role",
            "module.lambda.aws_lambda_function.users_crud"
          ]
        }
      ]
    },
    {
      "module": "module.api_gateway",
      "mode": "managed",
      "type": "aws_apigatewayv2_route",
      "name": "post_clinics",
      "provider": "provider[\"registry.terraform.io/hashicorp/aws\"]",
      "instances": [
        {
          "schema_version": 0,
          "attributes": {
            "api_id": "lpsv7rmahb",
            "api_key_required": false,
            "authorization_scopes": [],
            "authorization_type": "JWT",
            "authorizer_id": "tg70tp",
            "id": "kdzipdo",
            "model_selection_expression": "",
            "operation_name": "",
            "request_models": {},
            "request_parameter": [],
            "route_key": "POST /clinics",
            "route_response_selection_expression": "",
            "target": "integrations/6qikfs3"
          },
          "sensitive_attributes": [],
          "identity_schema_version": 0,
          "private": "bnVsbA==",
          "dependencies": [
            "module.api_gateway.aws_apigatewayv2_api.users_api",
            "module.api_gateway.aws_apigatewayv2_authorizer.jwt",
            "module.api_gateway.aws_apigatewayv2_integration.clinics_integration",
            "module.cognito.data.aws_cognito_user_pool.users_pool",
            "module.cognito.data.aws_cognito_user_pool_client.users_client",
            "module.dynamodb.aws_dynamodb_table.clinics_table",
            "module.dynamodb.aws_dynamodb_table.user_clinic_adscription",
            "module.lambda.aws_iam_role.lambda_role",
            "module.lambda.aws_lambda_function.clinics_crud"
          ]
        }
      ]
    },
    {
      "module": "module.api_gateway",
      "mode": "managed",
      "type": "aws_apigatewayv2_route",
      "name": "post_doctor_availability",
      "provider": "provider[\"registry.terraform.io/hashicorp/aws\"]",
      "instances": [
        {
          "schema_version": 0,
          "attributes": {
            "api_id": "lpsv7rmahb",
            "api_key_required": false,
            "authorization_scopes": [],
            "authorization_type": "JWT",
            "authorizer_id": "tg70tp",
            "id": "98vj1p8",
            "model_selection_expression": "",
            "operation_name": "",
            "request_models": {},
            "request_parameter": [],
            "route_key": "POST /doctors/{doctor_id}/availability",
            "route_response_selection_expression": "",
            "target": "integrations/95s89kq"
          },
          "sensitive_attributes": [],
          "identity_schema_version": 0,
          "private": "bnVsbA==",
          "dependencies": [
            "module.api_gateway.aws_apigatewayv2_api.users_api",
            "module.api_gateway.aws_apigatewayv2_authorizer.jwt",
            "module.api_gateway.aws_apigatewayv2_integration.availability_integration",
            "module.cognito.data.aws_cognito_user_pool.users_pool",
            "module.cognito.data.aws_cognito_user_pool_client.users_client",
            "module.dynamodb.aws_dynamodb_table.doctor_availability",
            "module.lambda.aws_iam_role.lambda_role",
            "module.lambda.aws_lambda_function.availability_crud"
          ]
        }
      ]
    },
    {
      "module": "module.api_gateway",
      "mode": "managed",
      "type": "aws_apigatewayv2_route",
      "name": "post_users",
      "provider": "provider[\"registry.terraform.io/hashicorp/aws\"]",
      "instances": [
        {
          "schema_version": 0,
          "attributes": {
            "api_id": "lpsv7rmahb",
            "api_key_required": false,
            "authorization_scopes": [],
            "authorization_type": "JWT",
            "authorizer_id": "tg70tp",
            "id": "rmixcv8",
            "model_selection_expression": "",
            "operation_name": "",
            "request_models": {},
            "request_parameter": [],
            "route_key": "POST /users",
            "route_response_selection_expression": "",
            "target": "integrations/hxipumd"
          },
          "sensitive_attributes": [],
          "identity_schema_version": 0,
          "private": "bnVsbA==",
          "dependencies": [
            "module.api_gateway.aws_apigatewayv2_api.users_api",
            "module.api_gateway.aws_apigatewayv2_authorizer.jwt",
            "module.api_gateway.aws_apigatewayv2_integration.lambda_integration",
            "module.cognito.data.aws_cognito_user_pool.users_pool",
            "module.cognito.data.aws_cognito_user_pool_client.users_client",
            "module.dynamodb.aws_dynamodb_table.user_clinic_adscription",
            "module.dynamodb.aws_dynamodb_table.users_table",
            "module.lambda.aws_iam_role.lambda_role",
            "module.lambda.aws_lambda_function.users_crud"
          ]
        }
      ]
    },
    {
      "module": "module.api_gateway",
      "mode": "managed",
      "type": "aws_apigatewayv2_route",
      "name": "put_clinic",
      "provider": "provider[\"registry.terraform.io/hashicorp/aws\"]",
      "instances": [
        {
          "schema_version": 0,
          "attributes": {
            "api_id": "lpsv7rmahb",
            "api_key_required": false,
            "authorization_scopes": [],
            "authorization_type": "JWT",
            "authorizer_id": "tg70tp",
            "id": "tx61m1l",
            "model_selection_expression": "",
            "operation_name": "",
            "request_models": {},
            "request_parameter": [],
            "route_key": "PUT /clinics/{clinic_id}",
            "route_response_selection_expression": "",
            "target": "integrations/6qikfs3"
          },
          "sensitive_attributes": [],
          "identity_schema_version": 0,
          "private": "bnVsbA==",
          "dependencies": [
            "module.api_gateway.aws_apigatewayv2_api.users_api",
            "module.api_gateway.aws_apigatewayv2_authorizer.jwt",
            "module.api_gateway.aws_apigatewayv2_integration.clinics_integration",
            "module.cognito.data.aws_cognito_user_pool.users_pool",
            "module.cognito.data.aws_cognito_user_pool_client.users_client",
            "module.dynamodb.aws_dynamodb_table.clinics_table",
            "module.dynamodb.aws_dynamodb_table.user_clinic_adscription",
            "module.lambda.aws_iam_role.lambda_role",
            "module.lambda.aws_lambda_function.clinics_crud"
          ]
        }
      ]
    },
    {
      "module": "module.api_gateway",
      "mode": "managed",
      "type": "aws_apigatewayv2_route",
      "name": "put_doctor_availability",
      "provider": "provider[\"registry.terraform.io/hashicorp/aws\"]",
      "instances": [
        {
          "schema_version": 0,
          "attributes": {
            "api_id": "lpsv7rmahb",
            "api_key_required": false,
            "authorization_scopes": [],
            "authorization_type": "JWT",
            "authorizer_id": "tg70tp",
            "id": "yqyzaca",
            "model_selection_expression": "",
            "operation_name": "",
            "request_models": {},
            "request_parameter": [],
            "route_key": "PUT /doctors/{doctor_id}/availability/{slot_id}",
            "route_response_selection_expression": "",
            "target": "integrations/95s89kq"
          },
          "sensitive_attributes": [],
          "identity_schema_version": 0,
          "private": "bnVsbA==",
          "dependencies": [
            "module.api_gateway.aws_apigatewayv2_api.users_api",
            "module.api_gateway.aws_apigatewayv2_authorizer.jwt",
            "module.api_gateway.aws_apigatewayv2_integration.availability_integration",
            "module.cognito.data.aws_cognito_user_pool.users_pool",
            "module.cognito.data.aws_cognito_user_pool_client.users_client",
            "module.dynamodb.aws_dynamodb_table.doctor_availability",
            "module.lambda.aws_iam_role.lambda_role",
            "module.lambda.aws_lambda_function.availability_crud"
          ]
        }
      ]
    },
    {
      "module": "module.api_gateway",
      "mode": "managed",
      "type": "aws_apigatewayv2_route",
      "name": "put_user",
      "provider": "provider[\"registry.terraform.io/hashicorp/aws\"]",
      "instances": [
        {
          "schema_version": 0,
          "attributes": {
            "api_id": "lpsv7rmahb",
            "api_key_required": false,
            "authorization_scopes": [],
            "authorization_type": "JWT",
            "authorizer_id": "tg70tp",
            "id": "qdgsvma",
            "model_selection_expression": "",
            "operation_name": "",
            "request_models": {},
            "request_parameter": [],
            "route_key": "PUT /users/{id}",
            "route_response_selection_expression": "",
            "target": "integrations/hxipumd"
          },
          "sensitive_attributes": [],
          "identity_schema_version": 0,
          "private": "bnVsbA==",
          "dependencies": [
            "module.api_gateway.aws_apigatewayv2_api.users_api",
            "module.api_gateway.aws_apigatewayv2_authorizer.jwt",
            "module.api_gateway.aws_apigatewayv2_integration.lambda_integration",
            "module.cognito.data.aws_cognito_user_pool.users_pool",
            "module.cognito.data.aws_cognito_user_pool_client.users_client",
            "module.dynamodb.aws_dynamodb_table.user_clinic_adscription",
            "module.dynamodb.aws_dynamodb_table.users_table",
            "module.lambda.aws_iam_role.lambda_role",
            "module.lambda.aws_lambda_function.users_crud"
          ]
        }
      ]
    },
    {
      "module": "module.api_gateway",
      "mode": "managed",
      "type": "aws_apigatewayv2_route",
      "name": "send_json_email",
      "provider": "provider[\"registry.terraform.io/hashicorp/aws\"]",
      "instances": [
        {
          "schema_version": 0,
          "attributes": {
            "api_id": "lpsv7rmahb",
            "api_key_required": false,
            "authorization_scopes": [],
            "authorization_type": "NONE",
            "authorizer_id": "",
            "id": "eatosze",
            "model_selection_expression": "",
            "operation_name": "",
            "request_models": {},
            "request_parameter": [],
            "route_key": "POST /send-json-email",
            "route_response_selection_expression": "",
            "target": "integrations/9gyyyfo"
          },
          "sensitive_attributes": [],
          "identity_schema_version": 0,
          "private": "bnVsbA==",
          "dependencies": [
            "module.api_gateway.aws_apigatewayv2_api.users_api",
            "module.api_gateway.aws_apigatewayv2_integration.email_integration",
            "module.lambda.aws_iam_role.lambda_role",
            "module.lambda.aws_lambda_function.email_sender"
          ]
        }
      ]
    },
    {
      "module": "module.api_gateway",
      "mode": "managed",
      "type": "aws_apigatewayv2_route",
      "name": "whatsapp_messages",
      "provider": "provider[\"registry.terraform.io/hashicorp/aws\"]",
      "instances": [
        {
          "schema_version": 0,
          "attributes": {
            "api_id": "lpsv7rmahb",
            "api_key_required": false,
            "authorization_scopes": [],
            "authorization_type": "NONE",
            "authorizer_id": "",
            "id": "q81zonj",
            "model_selection_expression": "",
            "operation_name": "",
            "request_models": {},
            "request_parameter": [],
            "route_key": "POST /whatsapp/webhook",
            "route_response_selection_expression": "",
            "target": "integrations/3p4kmgb"
          },
          "sensitive_attributes": [],
          "identity_schema_version": 0,
          "private": "eyJzY2hlbWFfdmVyc2lvbiI6IjAifQ==",
          "dependencies": [
            "module.api_gateway.aws_apigatewayv2_api.users_api",
            "module.api_gateway.aws_apigatewayv2_integration.whatsapp_integration",
            "module.lambda.aws_iam_role.lambda_role",
            "module.lambda.aws_lambda_function.whatsapp_webhook"
          ]
        }
      ]
    },
    {
      "module": "module.api_gateway",
      "mode": "managed",
      "type": "aws_apigatewayv2_route",
      "name": "whatsapp_verify",
      "provider": "provider[\"registry.terraform.io/hashicorp/aws\"]",
      "instances": [
        {
          "schema_version": 0,
          "attributes": {
            "api_id": "lpsv7rmahb",
            "api_key_required": false,
            "authorization_scopes": [],
            "authorization_type": "NONE",
            "authorizer_id": "",
            "id": "rkwjw6k",
            "model_selection_expression": "",
            "operation_name": "",
            "request_models": {},
            "request_parameter": [],
            "route_key": "GET /whatsapp/webhook",
            "route_response_selection_expression": "",
            "target": "integrations/3p4kmgb"
          },
          "sensitive_attributes": [],
          "identity_schema_version": 0,
          "private": "eyJzY2hlbWFfdmVyc2lvbiI6IjAifQ==",
          "dependencies": [
            "module.api_gateway.aws_apigatewayv2_api.users_api",
            "module.api_gateway.aws_apigatewayv2_integration.whatsapp_integration",
            "module.lambda.aws_iam_role.lambda_role",
            "module.lambda.aws_lambda_function.whatsapp_webhook"
          ]
        }
      ]
    },
    {
      "module": "module.api_gateway",
      "mode": "managed",
      "type": "aws_apigatewayv2_stage",
      "name": "clinics_prod",
      "provider": "provider[\"registry.terraform.io/hashicorp/aws\"]",
      "instances": [
        {
          "schema_version": 0,
          "attributes": {
            "access_log_settings": [
              {
                "destination_arn": "arn:aws:logs:us-east-1:640168409035:log-group:/aws/apigateway/dev-clinics-api",
                "format": "{\"authorizer\":\"$context.authorizer.claims\",\"httpMethod\":\"$context.httpMethod\",\"integrationErrorMessage\":\"$context.integrationErrorMessage\",\"ip\":\"$context.identity.sourceIp\",\"protocol\":\"$context.protocol\",\"requestId\":\"$context.requestId\",\"requestTime\":\"$context.requestTime\",\"responseLength\":\"$context.responseLength\",\"routeKey\":\"$context.routeKey\",\"status\":\"$context.status\"}"
              }
            ],
            "api_id": "lpsv7rmahb",
            "arn": "arn:aws:apigateway:us-east-1::/apis/lpsv7rmahb/stages/clinics-dev",
            "auto_deploy": true,
            "client_certificate_id": "",
            "default_route_settings": [
              {
                "data_trace_enabled": false,
                "detailed_metrics_enabled": false,
                "logging_level": "",
                "throttling_burst_limit": 0,
                "throttling_rate_limit": 0
              }
            ],
            "deployment_id": "xnq2vt",
            "description": "",
            "execution_arn": "arn:aws:execute-api:us-east-1:640168409035:lpsv7rmahb/clinics-dev",
            "id": "clinics-dev",
            "invoke_url": "https://lpsv7rmahb.execute-api.us-east-1.amazonaws.com/clinics-dev",
            "name": "clinics-dev",
            "route_settings": [],
            "stage_variables": {},
            "tags": {
              "Environment": "dev",
              "Project": "users-api"
            },
            "tags_all": {
              "Environment": "dev",
              "Project": "users-api"
            }
          },
          "sensitive_attributes": [],
          "identity_schema_version": 0,
          "private": "bnVsbA==",
          "dependencies": [
            "module.api_gateway.aws_apigatewayv2_api.users_api",
            "module.api_gateway.aws_cloudwatch_log_group.clinics_api"
          ]
        }
      ]
    },
    {
      "module": "module.api_gateway",
      "mode": "managed",
      "type": "aws_apigatewayv2_stage",
      "name": "prod",
      "provider": "provider[\"registry.terraform.io/hashicorp/aws\"]",
      "instances": [
        {
          "schema_version": 0,
          "attributes": {
            "access_log_settings": [
              {
                "destination_arn": "arn:aws:logs:us-east-1:640168409035:log-group:/aws/apigateway/dev-users-api",
                "format": "{\"authorizer\":\"$context.authorizer.claims\",\"httpMethod\":\"$context.httpMethod\",\"integrationErrorMessage\":\"$context.integrationErrorMessage\",\"ip\":\"$context.identity.sourceIp\",\"protocol\":\"$context.protocol\",\"requestId\":\"$context.requestId\",\"requestTime\":\"$context.requestTime\",\"responseLength\":\"$context.responseLength\",\"routeKey\":\"$context.routeKey\",\"status\":\"$context.status\"}"
              }
            ],
            "api_id": "lpsv7rmahb",
            "arn": "arn:aws:apigateway:us-east-1::/apis/lpsv7rmahb/stages/dev",
            "auto_deploy": true,
            "client_certificate_id": "",
            "default_route_settings": [
              {
                "data_trace_enabled": false,
                "detailed_metrics_enabled": false,
                "logging_level": "",
                "throttling_burst_limit": 0,
                "throttling_rate_limit": 0
              }
            ],
            "deployment_id": "xnq2vt",
            "description": "",
            "execution_arn": "arn:aws:execute-api:us-east-1:640168409035:lpsv7rmahb/dev",
            "id": "dev",
            "invoke_url": "https://lpsv7rmahb.execute-api.us-east-1.amazonaws.com/dev",
            "name": "dev",
            "route_settings": [],
            "stage_variables": {},
            "tags": {
              "Environment": "dev",
              "Project": "users-api"
            },
            "tags_all": {
              "Environment": "dev",
              "Project": "users-api"
            }
          },
          "sensitive_attributes": [],
          "identity_schema_version": 0,
          "private": "bnVsbA==",
          "dependencies": [
            "module.api_gateway.aws_apigatewayv2_api.users_api",
            "module.api_gateway.aws_cloudwatch_log_group.users_api"
          ]
        }
      ]
    },
    {
      "module": "module.api_gateway",
      "mode": "managed",
      "type": "aws_cloudwatch_log_group",
      "name": "clinics_api",
      "provider": "provider[\"registry.terraform.io/hashicorp/aws\"]",
      "instances": [
        {
          "schema_version": 0,
          "attributes": {
            "arn": "arn:aws:logs:us-east-1:640168409035:log-group:/aws/apigateway/dev-clinics-api",
            "id": "/aws/apigateway/dev-clinics-api",
            "kms_key_id": "",
            "log_group_class": "STANDARD",
            "name": "/aws/apigateway/dev-clinics-api",
            "name_prefix": "",
            "retention_in_days": 14,
            "skip_destroy": false,
            "tags": {},
            "tags_all": {}
          },
          "sensitive_attributes": [],
          "identity_schema_version": 0,
          "private": "eyJzY2hlbWFfdmVyc2lvbiI6IjAifQ=="
        }
      ]
    },
    {
      "module": "module.api_gateway",
      "mode": "managed",
      "type": "aws_cloudwatch_log_group",
      "name": "users_api",
      "provider": "provider[\"registry.terraform.io/hashicorp/aws\"]",
      "instances": [
        {
          "schema_version": 0,
          "attributes": {
            "arn": "arn:aws:logs:us-east-1:640168409035:log-group:/aws/apigateway/dev-users-api",
            "id": "/aws/apigateway/dev-users-api",
            "kms_key_id": "",
            "log_group_class": "STANDARD",
            "name": "/aws/apigateway/dev-users-api",
            "name_prefix": "",
            "retention_in_days": 14,
            "skip_destroy": false,
            "tags": {},
            "tags_all": {}
          },
          "sensitive_attributes": [],
          "identity_schema_version": 0,
          "private": "eyJzY2hlbWFfdmVyc2lvbiI6IjAifQ=="
        }
      ]
    },
    {
      "module": "module.api_gateway",
      "mode": "managed",
      "type": "aws_lambda_permission",
      "name": "api_gw",
      "provider": "provider[\"registry.terraform.io/hashicorp/aws\"]",
      "instances": [
        {
          "schema_version": 0,
          "attributes": {
            "action": "lambda:InvokeFunction",
            "event_source_token": null,
            "function_name": "users-crud-dev",
            "function_url_auth_type": null,
            "id": "AllowExecutionFromAPIGateway",
            "principal": "apigateway.amazonaws.com",
            "principal_org_id": null,
            "qualifier": "",
            "source_account": null,
            "source_arn": "arn:aws:execute-api:us-east-1:640168409035:lpsv7rmahb/*/*",
            "statement_id": "AllowExecutionFromAPIGateway",
            "statement_id_prefix": ""
          },
          "sensitive_attributes": [],
          "identity_schema_version": 0,
          "private": "eyJzY2hlbWFfdmVyc2lvbiI6IjAifQ==",
          "dependencies": [
            "module.api_gateway.aws_apigatewayv2_api.users_api",
            "module.cognito.data.aws_cognito_user_pool.users_pool",
            "module.dynamodb.aws_dynamodb_table.user_clinic_adscription",
            "module.dynamodb.aws_dynamodb_table.users_table",
            "module.lambda.aws_iam_role.lambda_role",
            "module.lambda.aws_lambda_function.users_crud"
          ]
        }
      ]
    },
    {
      "module": "module.api_gateway",
      "mode": "managed",
      "type": "aws_lambda_permission",
      "name": "availability_api_gw",
      "provider": "provider[\"registry.terraform.io/hashicorp/aws\"]",
      "instances": [
        {
          "schema_version": 0,
          "attributes": {
            "action": "lambda:InvokeFunction",
            "event_source_token": null,
            "function_name": "availability-crud-dev",
            "function_url_auth_type": null,
            "id": "AllowExecutionFromAPIGatewayAvailability",
            "principal": "apigateway.amazonaws.com",
            "principal_org_id": null,
            "qualifier": "",
            "source_account": null,
            "source_arn": "arn:aws:execute-api:us-east-1:640168409035:lpsv7rmahb/*/*",
            "statement_id": "AllowExecutionFromAPIGatewayAvailability",
            "statement_id_prefix": ""
          },
          "sensitive_attributes": [],
          "identity_schema_version": 0,
          "private": "bnVsbA==",
          "dependencies": [
            "module.api_gateway.aws_apigatewayv2_api.users_api",
            "module.cognito.data.aws_cognito_user_pool.users_pool",
            "module.dynamodb.aws_dynamodb_table.doctor_availability",
            "module.lambda.aws_iam_role.lambda_role",
            "module.lambda.aws_lambda_function.availability_crud"
          ]
        }
      ]
    },
    {
      "module": "module.api_gateway",
      "mode": "managed",
      "type": "aws_lambda_permission",
      "name": "clinics_api_gw",
      "provider": "provider[\"registry.terraform.io/hashicorp/aws\"]",
      "instances": [
        {
          "schema_version": 0,
          "attributes": {
            "action": "lambda:InvokeFunction",
            "event_source_token": null,
            "function_name": "clinics-crud-dev",
            "function_url_auth_type": null,
            "id": "AllowExecutionFromAPIGatewayClinics",
            "principal": "apigateway.amazonaws.com",
            "principal_org_id": null,
            "qualifier": "",
            "source_account": null,
            "source_arn": "arn:aws:execute-api:us-east-1:640168409035:lpsv7rmahb/*/*",
            "statement_id": "AllowExecutionFromAPIGatewayClinics",
            "statement_id_prefix": ""
          },
          "sensitive_attributes": [],
          "identity_schema_version": 0,
          "private": "bnVsbA==",
          "dependencies": [
            "module.api_gateway.aws_apigatewayv2_api.users_api",
            "module.cognito.data.aws_cognito_user_pool.users_pool",
            "module.dynamodb.aws_dynamodb_table.clinics_table",
            "module.dynamodb.aws_dynamodb_table.user_clinic_adscription",
            "module.lambda.aws_iam_role.lambda_role",
            "module.lambda.aws_lambda_function.clinics_crud"
          ]
        }
      ]
    },
    {
      "module": "module.api_gateway",
      "mode": "managed",
      "type": "aws_lambda_permission",
      "name": "email_api_gw",
      "provider": "provider[\"registry.terraform.io/hashicorp/aws\"]",
      "instances": [
        {
          "schema_version": 0,
          "attributes": {
            "action": "lambda:InvokeFunction",
            "event_source_token": null,
            "function_name": "email-sender-dev",
            "function_url_auth_type": null,
            "id": "AllowExecutionFromAPIGatewayEmail",
            "principal": "apigateway.amazonaws.com",
            "principal_org_id": null,
            "qualifier": "",
            "source_account": null,
            "source_arn": "arn:aws:execute-api:us-east-1:640168409035:lpsv7rmahb/*/*",
            "statement_id": "AllowExecutionFromAPIGatewayEmail",
            "statement_id_prefix": ""
          },
          "sensitive_attributes": [],
          "identity_schema_version": 0,
          "private": "bnVsbA==",
          "dependencies": [
            "module.api_gateway.aws_apigatewayv2_api.users_api",
            "module.lambda.aws_iam_role.lambda_role",
            "module.lambda.aws_lambda_function.email_sender"
          ]
        }
      ]
    },
    {
      "module": "module.api_gateway",
      "mode": "managed",
      "type": "aws_lambda_permission",
      "name": "whatsapp_api_gw",
      "provider": "provider[\"registry.terraform.io/hashicorp/aws\"]",
      "instances": [
        {
          "schema_version": 0,
          "attributes": {
            "action": "lambda:InvokeFunction",
            "event_source_token": null,
            "function_name": "whatsapp-webhook-dev",
            "function_url_auth_type": null,
            "id": "AllowExecutionFromAPIGatewayWhatsApp",
            "principal": "apigateway.amazonaws.com",
            "principal_org_id": null,
            "qualifier": "",
            "source_account": null,
            "source_arn": "arn:aws:execute-api:us-east-1:640168409035:lpsv7rmahb/*/*",
            "statement_id": "AllowExecutionFromAPIGatewayWhatsApp",
            "statement_id_prefix": ""
          },
          "sensitive_attributes": [],
          "identity_schema_version": 0,
          "private": "bnVsbA==",
          "dependencies": [
            "module.api_gateway.aws_apigatewayv2_api.users_api",
            "module.lambda.aws_iam_role.lambda_role",
            "module.lambda.aws_lambda_function.whatsapp_webhook"
          ]
        }
      ]
    },
    {
      "module": "module.cognito",
      "mode": "data",
      "type": "aws_cognito_user_pool",
      "name": "users_pool",
      "provider": "provider[\"registry.terraform.io/hashicorp/aws\"]",
      "instances": [
        {
          "schema_version": 0,
          "attributes": {
            "account_recovery_setting": [
              {
                "recovery_mechanism": [
                  {
                    "name": "verified_email",
                    "priority": 1
                  },
                  {
                    "name": "verified_phone_number",
                    "priority": 2
                  }
                ]
              }
            ],
            "admin_create_user_config": [
              {
                "allow_admin_create_user_only": false,
                "invite_message_template": null,
                "unused_account_validity_days": 7
              }
            ],
            "arn": "arn:aws:cognito-idp:us-east-1:640168409035:userpool/us-east-1_EW4rM5Uqx",
            "auto_verified_attributes": [
              "email"
            ],
            "creation_date": "2025-07-16T16:58:00Z",
            "custom_domain": null,
            "deletion_protection": "INACTIVE",
            "device_configuration": null,
            "domain": null,
            "email_configuration": [
              {
                "configuration_set": null,
                "email_sending_account": "COGNITO_DEFAULT",
                "from": null,
                "reply_to_email_address": null,
                "source_arn": null
              }
            ],
            "estimated_number_of_users": 5,
            "id": "us-east-1_EW4rM5Uqx",
            "lambda_config": [
              {
                "create_auth_challenge": null,
                "custom_email_sender": null,
                "custom_message": null,
                "custom_sms_sender": null,
                "define_auth_challenge": null,
                "kms_key_id": null,
                "post_authentication": null,
                "post_confirmation": null,
                "pre_authentication": null,
                "pre_sign_up": null,
                "pre_token_generation": null,
                "pre_token_generation_config": null,
                "user_migration": null,
                "verify_auth_challenge_response": null
              }
            ],
            "last_modified_date": "2025-07-16T16:58:00Z",
            "mfa_configuration": "OFF",
            "name": "dev-users-pool",
            "schema_attributes": [
              {
                "attribute_data_type": "String",
                "developer_only_attribute": false,
                "mutable": true,
                "name": "profile",
                "number_attribute_constraints": null,
                "required": false,
                "string_attribute_constraints": [
                  {
                    "max_length": "2048",
                    "min_length": "0"
                  }
                ]
              },
              {
                "attribute_data_type": "String",
                "developer_only_attribute": false,
                "mutable": true,
                "name": "address",
                "number_attribute_constraints": null,
                "required": false,
                "string_attribute_constraints": [
                  {
                    "max_length": "2048",
                    "min_length": "0"
                  }
                ]
              },
              {
                "attribute_data_type": "String",
                "developer_only_attribute": false,
                "mutable": true,
                "name": "birthdate",
                "number_attribute_constraints": null,
                "required": false,
                "string_attribute_constraints": [
                  {
                    "max_length": "10",
                    "min_length": "10"
                  }
                ]
              },
              {
                "attribute_data_type": "String",
                "developer_only_attribute": false,
                "mutable": true,
                "name": "gender",
                "number_attribute_constraints": null,
                "required": false,
                "string_attribute_constraints": [
                  {
                    "max_length": "2048",
                    "min_length": "0"
                  }
                ]
              },
              {
                "attribute_data_type": "String",
                "developer_only_attribute": false,
                "mutable": true,
                "name": "preferred_username",
                "number_attribute_constraints": null,
                "required": false,
                "string_attribute_constraints": [
                  {
                    "max_length": "2048",
                    "min_length": "0"
                  }
                ]
              },
              {
                "attribute_data_type": "Number",
                "developer_only_attribute": false,
                "mutable": true,
                "name": "updated_at",
                "number_attribute_constraints": [
                  {
                    "max_value": null,
                    "min_value": "0"
                  }
                ],
                "required": false,
                "string_attribute_constraints": null
              },
              {
                "attribute_data_type": "String",
                "developer_only_attribute": false,
                "mutable": true,
                "name": "website",
                "number_attribute_constraints": null,
                "required": false,
                "string_attribute_constraints": [
                  {
                    "max_length": "2048",
                    "min_length": "0"
                  }
                ]
              },
              {
                "attribute_data_type": "String",
                "developer_only_attribute": false,
                "mutable": true,
                "name": "picture",
                "number_attribute_constraints": null,
                "required": false,
                "string_attribute_constraints": [
                  {
                    "max_length": "2048",
                    "min_length": "0"
                  }
                ]
              },
              {
                "attribute_data_type": "String",
                "developer_only_attribute": false,
                "mutable": true,
                "name": "identities",
                "number_attribute_constraints": null,
                "required": false,
                "string_attribute_constraints": [
                  {
                    "max_length": null,
                    "min_length": null
                  }
                ]
              },
              {
                "attribute_data_type": "String",
                "developer_only_attribute": false,
                "mutable": false,
                "name": "sub",
                "number_attribute_constraints": null,
                "required": true,
                "string_attribute_constraints": [
                  {
                    "max_length": "2048",
                    "min_length": "1"
                  }
                ]
              },
              {
                "attribute_data_type": "String",
                "developer_only_attribute": false,
                "mutable": true,
                "name": "phone_number",
                "number_attribute_constraints": null,
                "required": false,
                "string_attribute_constraints": [
                  {
                    "max_length": "2048",
                    "min_length": "0"
                  }
                ]
              },
              {
                "attribute_data_type": "Boolean",
                "developer_only_attribute": false,
                "mutable": true,
                "name": "phone_number_verified",
                "number_attribute_constraints": null,
                "required": false,
                "string_attribute_constraints": null
              },
              {
                "attribute_data_type": "String",
                "developer_only_attribute": false,
                "mutable": true,
                "name": "zoneinfo",
                "number_attribute_constraints": null,
                "required": false,
                "string_attribute_constraints": [
                  {
                    "max_length": "2048",
                    "min_length": "0"
                  }
                ]
              },
              {
                "attribute_data_type": "String",
                "developer_only_attribute": false,
                "mutable": true,
                "name": "locale",
                "number_attribute_constraints": null,
                "required": false,
                "string_attribute_constraints": [
                  {
                    "max_length": "2048",
                    "min_length": "0"
                  }
                ]
              },
              {
                "attribute_data_type": "String",
                "developer_only_attribute": false,
                "mutable": true,
                "name": "email",
                "number_attribute_constraints": null,
                "required": true,
                "string_attribute_constraints": [
                  {
                    "max_length": "256",
                    "min_length": "1"
                  }
                ]
              },
              {
                "attribute_data_type": "Boolean",
                "developer_only_attribute": false,
                "mutable": true,
                "name": "email_verified",
                "number_attribute_constraints": null,
                "required": false,
                "string_attribute_constraints": null
              },
              {
                "attribute_data_type": "String",
                "developer_only_attribute": false,
                "mutable": true,
                "name": "given_name",
                "number_attribute_constraints": null,
                "required": false,
                "string_attribute_constraints": [
                  {
                    "max_length": "2048",
                    "min_length": "0"
                  }
                ]
              },
              {
                "attribute_data_type": "String",
                "developer_only_attribute": false,
                "mutable": true,
                "name": "family_name",
                "number_attribute_constraints": null,
                "required": false,
                "string_attribute_constraints": [
                  {
                    "max_length": "2048",
                    "min_length": "0"
                  }
                ]
              },
              {
                "attribute_data_type": "String",
                "developer_only_attribute": false,
                "mutable": true,
                "name": "middle_name",
                "number_attribute_constraints": null,
                "required": false,
                "string_attribute_constraints": [
                  {
                    "max_length": "2048",
                    "min_length": "0"
                  }
                ]
              },
              {
                "attribute_data_type": "String",
                "developer_only_attribute": false,
                "mutable": true,
                "name": "name",
                "number_attribute_constraints": null,
                "required": true,
                "string_attribute_constraints": [
                  {
                    "max_length": "256",
                    "min_length": "1"
                  }
                ]
              },
              {
                "attribute_data_type": "String",
                "developer_only_attribute": false,
                "mutable": true,
                "name": "nickname",
                "number_attribute_constraints": null,
                "required": false,
                "string_attribute_constraints": [
                  {
                    "max_length": "2048",
                    "min_length": "0"
                  }
                ]
              }
            ],
            "sms_authentication_message": null,
            "sms_configuration_failure": null,
            "sms_verification_message": null,
            "tags": {
              "Environment": "dev",
              "Project": "users-api"
            },
            "user_pool_add_ons": null,
            "user_pool_id": "us-east-1_EW4rM5Uqx",
            "user_pool_tags": {
              "Environment": "dev",
              "Project": "users-api"
            },
            "username_attributes": [
              "email"
            ]
          },
          "sensitive_attributes": [],
          "identity_schema_version": 0
        }
      ]
    },
    {
      "module": "module.cognito",
      "mode": "data",
      "type": "aws_cognito_user_pool_client",
      "name": "users_client",
      "provider": "provider[\"registry.terraform.io/hashicorp/aws\"]",
      "instances": [
        {
          "schema_version": 0,
          "attributes": {
            "access_token_validity": 1,
            "allowed_oauth_flows": [
              "code",
              "implicit"
            ],
            "allowed_oauth_flows_user_pool_client": true,
            "allowed_oauth_scopes": [
              "email",
              "openid",
              "profile"
            ],
            "analytics_configuration": [],
            "callback_urls": [
              "http://localhost:3000"
            ],
            "client_id": "4fh5p076l7bb0th9p4uc9bd10u",
            "client_secret": "",
            "default_redirect_uri": "",
            "enable_propagate_additional_user_context_data": false,
            "enable_token_revocation": true,
            "explicit_auth_flows": [
              "ALLOW_ADMIN_USER_PASSWORD_AUTH",
              "ALLOW_CUSTOM_AUTH",
              "ALLOW_REFRESH_TOKEN_AUTH",
              "ALLOW_USER_PASSWORD_AUTH",
              "ALLOW_USER_SRP_AUTH"
            ],
            "generate_secret": null,
            "id": "4fh5p076l7bb0th9p4uc9bd10u",
            "id_token_validity": 1,
            "logout_urls": [
              "http://localhost:3000"
            ],
            "name": "dev-users-client",
            "prevent_user_existence_errors": "ENABLED",
            "read_attributes": [],
            "refresh_token_rotation": [],
            "refresh_token_validity": 30,
            "supported_identity_providers": [
              "COGNITO"
            ],
            "token_validity_units": [
              {
                "access_token": "hours",
                "id_token": "hours",
                "refresh_token": "days"
              }
            ],
            "user_pool_id": "us-east-1_EW4rM5Uqx",
            "write_attributes": []
          },
          "sensitive_attributes": [
            [
              {
                "type": "get_attr",
                "value": "client_secret"
              }
            ]
          ],
          "identity_schema_version": 0
        }
      ]
    },
    {
      "module": "module.dynamodb",
      "mode": "managed",
      "type": "aws_dynamodb_table",
      "name": "appointments_table",
      "provider": "provider[\"registry.terraform.io/hashicorp/aws\"]",
      "instances": [
        {
          "schema_version": 1,
          "attributes": {
            "arn": "arn:aws:dynamodb:us-east-1:640168409035:table/appointments-dev",
            "attribute": [
              {
                "name": "appointment_date",
                "type": "S"
              },
              {
                "name": "doctor_id",
                "type": "S"
              },
              {
                "name": "id",
                "type": "S"
              },
              {
                "name": "patient_id",
                "type": "S"
              }
            ],
            "billing_mode": "PAY_PER_REQUEST",
            "deletion_protection_enabled": false,
            "global_secondary_index": [
              {
                "hash_key": "doctor_id",
                "name": "DoctorAppointmentsIndex",
                "non_key_attributes": [],
                "on_demand_throughput": [],
                "projection_type": "ALL",
                "range_key": "appointment_date",
                "read_capacity": 0,
                "write_capacity": 0
              },
              {
                "hash_key": "patient_id",
                "name": "PatientAppointmentsIndex",
                "non_key_attributes": [],
                "on_demand_throughput": [],
                "projection_type": "ALL",
                "range_key": "appointment_date",
                "read_capacity": 0,
                "write_capacity": 0
              }
            ],
            "hash_key": "id",
            "id": "appointments-dev",
            "import_table": [],
            "local_secondary_index": [],
            "name": "appointments-dev",
            "on_demand_throughput": [],
            "point_in_time_recovery": [
              {
                "enabled": false,
                "recovery_period_in_days": 0
              }
            ],
            "range_key": null,
            "read_capacity": 0,
            "replica": [],
            "restore_date_time": null,
            "restore_source_name": null,
            "restore_source_table_arn": null,
            "restore_to_latest_time": null,
            "server_side_encryption": [],
            "stream_arn": "",
            "stream_enabled": false,
            "stream_label": "",
            "stream_view_type": "",
            "table_class": "STANDARD",
            "tags": {
              "Environment": "dev",
              "Name": "services-api-dev"
            },
            "tags_all": {
              "Environment": "dev",
              "Name": "services-api-dev"
            },
            "timeouts": null,
            "ttl": [
              {
                "attribute_name": "",
                "enabled": false
              }
            ],
            "write_capacity": 0
          },
          "sensitive_attributes": [],
          "identity_schema_version": 0,
          "private": "eyJlMmJmYjczMC1lY2FhLTExZTYtOGY4OC0zNDM2M2JjN2M0YzAiOnsiY3JlYXRlIjoxODAwMDAwMDAwMDAwLCJkZWxldGUiOjYwMDAwMDAwMDAwMCwidXBkYXRlIjozNjAwMDAwMDAwMDAwfSwic2NoZW1hX3ZlcnNpb24iOiIxIn0="
        }
      ]
    },
    {
      "module": "module.dynamodb",
      "mode": "managed",
      "type": "aws_dynamodb_table",
      "name": "clinics_table",
      "provider": "provider[\"registry.terraform.io/hashicorp/aws\"]",
      "instances": [
        {
          "schema_version": 1,
          "attributes": {
            "arn": "arn:aws:dynamodb:us-east-1:640168409035:table/clinics-dev",
            "attribute": [
              {
                "name": "id",
                "type": "S"
              }
            ],
            "billing_mode": "PAY_PER_REQUEST",
            "deletion_protection_enabled": false,
            "global_secondary_index": [],
            "hash_key": "id",
            "id": "clinics-dev",
            "import_table": [],
            "local_secondary_index": [],
            "name": "clinics-dev",
            "on_demand_throughput": [],
            "point_in_time_recovery": [
              {
                "enabled": false,
                "recovery_period_in_days": 0
              }
            ],
            "range_key": null,
            "read_capacity": 0,
            "replica": [],
            "restore_date_time": null,
            "restore_source_name": null,
            "restore_source_table_arn": null,
            "restore_to_latest_time": null,
            "server_side_encryption": [],
            "stream_arn": "",
            "stream_enabled": false,
            "stream_label": "",
            "stream_view_type": "",
            "table_class": "STANDARD",
            "tags": {
              "Environment": "dev",
              "Name": "clinics-dev"
            },
            "tags_all": {
              "Environment": "dev",
              "Name": "clinics-dev"
            },
            "timeouts": null,
            "ttl": [
              {
                "attribute_name": "",
                "enabled": false
              }
            ],
            "write_capacity": 0
          },
          "sensitive_attributes": [],
          "identity_schema_version": 0,
          "private": "eyJlMmJmYjczMC1lY2FhLTExZTYtOGY4OC0zNDM2M2JjN2M0YzAiOnsiY3JlYXRlIjoxODAwMDAwMDAwMDAwLCJkZWxldGUiOjYwMDAwMDAwMDAwMCwidXBkYXRlIjozNjAwMDAwMDAwMDAwfSwic2NoZW1hX3ZlcnNpb24iOiIxIn0="
        }
      ]
    },
    {
      "module": "module.dynamodb",
      "mode": "managed",
      "type": "aws_dynamodb_table",
      "name": "doctor_availability",
      "provider": "provider[\"registry.terraform.io/hashicorp/aws\"]",
      "instances": [
        {
          "schema_version": 1,
          "attributes": {
            "arn": "arn:aws:dynamodb:us-east-1:640168409035:table/doctor-availability-dev",
            "attribute": [
              {
                "name": "clinic_id",
                "type": "S"
              },
              {
                "name": "day_of_week",
                "type": "N"
              },
              {
                "name": "doctor_id",
                "type": "S"
              },
              {
                "name": "slot_id",
                "type": "S"
              }
            ],
            "billing_mode": "PAY_PER_REQUEST",
            "deletion_protection_enabled": false,
            "global_secondary_index": [
              {
                "hash_key": "clinic_id",
                "name": "ClinicDayIndex",
                "non_key_attributes": [],
                "on_demand_throughput": [],
                "projection_type": "ALL",
                "range_key": "day_of_week",
                "read_capacity": 0,
                "write_capacity": 0
              }
            ],
            "hash_key": "doctor_id",
            "id": "doctor-availability-dev",
            "import_table": [],
            "local_secondary_index": [],
            "name": "doctor-availability-dev",
            "on_demand_throughput": [],
            "point_in_time_recovery": [
              {
                "enabled": false,
                "recovery_period_in_days": 0
              }
            ],
            "range_key": "slot_id",
            "read_capacity": 0,
            "replica": [],
            "restore_date_time": null,
            "restore_source_name": null,
            "restore_source_table_arn": null,
            "restore_to_latest_time": null,
            "server_side_encryption": [],
            "stream_arn": "",
            "stream_enabled": false,
            "stream_label": "",
            "stream_view_type": "",
            "table_class": "STANDARD",
            "tags": {
              "Environment": "dev",
              "Name": "doctor-availability-dev"
            },
            "tags_all": {
              "Environment": "dev",
              "Name": "doctor-availability-dev"
            },
            "timeouts": null,
            "ttl": [
              {
                "attribute_name": "",
                "enabled": false
              }
            ],
            "write_capacity": 0
          },
          "sensitive_attributes": [],
          "identity_schema_version": 0,
          "private": "eyJlMmJmYjczMC1lY2FhLTExZTYtOGY4OC0zNDM2M2JjN2M0YzAiOnsiY3JlYXRlIjoxODAwMDAwMDAwMDAwLCJkZWxldGUiOjYwMDAwMDAwMDAwMCwidXBkYXRlIjozNjAwMDAwMDAwMDAwfSwic2NoZW1hX3ZlcnNpb24iOiIxIn0="
        }
      ]
    },
    {
      "module": "module.dynamodb",
      "mode": "managed",
      "type": "aws_dynamodb_table",
      "name": "user_clinic_adscription",
      "provider": "provider[\"registry.terraform.io/hashicorp/aws\"]",
      "instances": [
        {
          "schema_version": 1,
          "attributes": {
            "arn": "arn:aws:dynamodb:us-east-1:640168409035:table/user-clinic-adscription-dev",
            "attribute": [
              {
                "name": "clinic_id",
                "type": "S"
              },
              {
                "name": "user_id",
                "type": "S"
              }
            ],
            "billing_mode": "PAY_PER_REQUEST",
            "deletion_protection_enabled": false,
            "global_secondary_index": [],
            "hash_key": "clinic_id",
            "id": "user-clinic-adscription-dev",
            "import_table": [],
            "local_secondary_index": [],
            "name": "user-clinic-adscription-dev",
            "on_demand_throughput": [],
            "point_in_time_recovery": [
              {
                "enabled": false,
                "recovery_period_in_days": 0
              }
            ],
            "range_key": "user_id",
            "read_capacity": 0,
            "replica": [],
            "restore_date_time": null,
            "restore_source_name": null,
            "restore_source_table_arn": null,
            "restore_to_latest_time": null,
            "server_side_encryption": [],
            "stream_arn": "",
            "stream_enabled": false,
            "stream_label": "",
            "stream_view_type": "",
            "table_class": "STANDARD",
            "tags": {
              "Environment": "dev",
              "Name": "user-clinic-adscription-dev"
            },
            "tags_all": {
              "Environment": "dev",
              "Name": "user-clinic-adscription-dev"
            },
            "timeouts": null,
            "ttl": [
              {
                "attribute_name": "",
                "enabled": false
              }
            ],
            "write_capacity": 0
          },
          "sensitive_attributes": [],
          "identity_schema_version": 0,
          "private": "eyJlMmJmYjczMC1lY2FhLTExZTYtOGY4OC0zNDM2M2JjN2M0YzAiOnsiY3JlYXRlIjoxODAwMDAwMDAwMDAwLCJkZWxldGUiOjYwMDAwMDAwMDAwMCwidXBkYXRlIjozNjAwMDAwMDAwMDAwfSwic2NoZW1hX3ZlcnNpb24iOiIxIn0="
        }
      ]
    },
    {
      "module": "module.dynamodb",
      "mode": "managed",
      "type": "aws_dynamodb_table",
      "name": "users_table",
      "provider": "provider[\"registry.terraform.io/hashicorp/aws\"]",
      "instances": [
        {
          "schema_version": 1,
          "attributes": {
            "arn": "arn:aws:dynamodb:us-east-1:640168409035:table/users-dev",
            "attribute": [
              {
                "name": "group",
                "type": "S"
              },
              {
                "name": "id",
                "type": "S"
              }
            ],
            "billing_mode": "PAY_PER_REQUEST",
            "deletion_protection_enabled": false,
            "global_secondary_index": [
              {
                "hash_key": "group",
                "name": "GroupIndex",
                "non_key_attributes": [],
                "on_demand_throughput": [],
                "projection_type": "ALL",
                "range_key": "",
                "read_capacity": 0,
                "write_capacity": 0
              }
            ],
            "hash_key": "id",
            "id": "users-dev",
            "import_table": [],
            "local_secondary_index": [],
            "name": "users-dev",
            "on_demand_throughput": [],
            "point_in_time_recovery": [
              {
                "enabled": false,
                "recovery_period_in_days": 0
              }
            ],
            "range_key": null,
            "read_capacity": 0,
            "replica": [],
            "restore_date_time": null,
            "restore_source_name": null,
            "restore_source_table_arn": null,
            "restore_to_latest_time": null,
            "server_side_encryption": [],
            "stream_arn": "",
            "stream_enabled": false,
            "stream_label": "",
            "stream_view_type": "",
            "table_class": "STANDARD",
            "tags": {
              "Environment": "dev",
              "Name": "services-api-dev"
            },
            "tags_all": {
              "Environment": "dev",
              "Name": "services-api-dev"
            },
            "timeouts": null,
            "ttl": [
              {
                "attribute_name": "",
                "enabled": false
              }
            ],
            "write_capacity": 0
          },
          "sensitive_attributes": [],
          "identity_schema_version": 0,
          "private": "eyJlMmJmYjczMC1lY2FhLTExZTYtOGY4OC0zNDM2M2JjN2M0YzAiOnsiY3JlYXRlIjoxODAwMDAwMDAwMDAwLCJkZWxldGUiOjYwMDAwMDAwMDAwMCwidXBkYXRlIjozNjAwMDAwMDAwMDAwfSwic2NoZW1hX3ZlcnNpb24iOiIxIn0="
        }
      ]
    },
    {
      "module": "module.dynamodb",
      "mode": "managed",
      "type": "aws_iam_policy",
      "name": "lambda_dynamodb_policy",
      "provider": "provider[\"registry.terraform.io/hashicorp/aws\"]",
      "instances": [
        {
          "schema_version": 0,
          "attributes": {
            "arn": "arn:aws:iam::640168409035:policy/lambda_dynamodb_policy_dev",
            "attachment_count": 0,
            "description": "IAM policy for Lambda to access DynamoDB and Cognito",
            "id": "arn:aws:iam::640168409035:policy/lambda_dynamodb_policy_dev",
            "name": "lambda_dynamodb_policy_dev",
            "name_prefix": "",
            "path": "/",
            "policy": "{\"Statement\":[{\"Action\":[\"dynamodb:GetItem\",\"dynamodb:PutItem\",\"dynamodb:UpdateItem\",\"dynamodb:DeleteItem\",\"dynamodb:Scan\",\"dynamodb:Query\"],\"Effect\":\"Allow\",\"Resource\":[\"arn:aws:dynamodb:us-east-1:640168409035:table/users-dev\",\"arn:aws:dynamodb:us-east-1:640168409035:table/users-dev/index/*\",\"arn:aws:dynamodb:us-east-1:640168409035:table/clinics-dev\",\"arn:aws:dynamodb:us-east-1:640168409035:table/appointments-dev\",\"arn:aws:dynamodb:us-east-1:640168409035:table/appointments-dev/index/*\",\"arn:aws:dynamodb:us-east-1:640168409035:table/doctor-availability-dev\",\"arn:aws:dynamodb:us-east-1:640168409035:table/doctor-availability-dev/index/*\"]},{\"Action\":[\"cognito-idp:AdminListGroupsForUser\",\"cognito-idp:AdminGetUser\",\"cognito-idp:AdminCreateUser\",\"cognito-idp:AdminSetUserPassword\",\"cognito-idp:AdminInitiateAuth\",\"cognito-idp:AdminRespondToAuthChallenge\",\"cognito-idp:AdminAddUserToGroup\",\"cognito-idp:AdminListGroups\",\"cognito-idp:AdminGetGroup\",\"cognito-idp:AdminDeleteUser\",\"cognito-idp:AdminRemoveUserFromGroup\",\"cognito-idp:AdminUpdateUserAttributes\",\"cognito-idp:AdminGetUser\",\"cognito-idp:GetUser\",\"cognito-idp:GetGroup\",\"cognito-idp:CreateGroup\",\"cognito-idp:ListUsers\",\"cognito-idp:ListGroups\"],\"Effect\":\"Allow\",\"Resource\":\"arn:aws:cognito-idp:us-east-1:640168409035:userpool/us-east-1_EW4rM5Uqx\"}],\"Version\":\"2012-10-17\"}",
            "policy_id": "ANPAZKDICW7F6I2BPAVJC",
            "tags": {},
            "tags_all": {}
          },
          "sensitive_attributes": [],
          "identity_schema_version": 0,
          "private": "bnVsbA==",
          "dependencies": [
            "module.cognito.data.aws_cognito_user_pool.users_pool",
            "module.dynamodb.aws_dynamodb_table.appointments_table",
            "module.dynamodb.aws_dynamodb_table.clinics_table",
            "module.dynamodb.aws_dynamodb_table.doctor_availability",
            "module.dynamodb.aws_dynamodb_table.users_table"
          ]
        }
      ]
    },
    {
      "module": "module.lambda",
      "mode": "managed",
      "type": "aws_cloudwatch_log_group",
      "name": "clinics_crud",
      "provider": "provider[\"registry.terraform.io/hashicorp/aws\"]",
      "instances": [
        {
          "schema_version": 0,
          "attributes": {
            "arn": "arn:aws:logs:us-east-1:640168409035:log-group:/aws/lambda/clinics-crud-dev",
            "id": "/aws/lambda/clinics-crud-dev",
            "kms_key_id": "",
            "log_group_class": "STANDARD",
            "name": "/aws/lambda/clinics-crud-dev",
            "name_prefix": "",
            "retention_in_days": 14,
            "skip_destroy": false,
            "tags": {},
            "tags_all": {}
          },
          "sensitive_attributes": [],
          "identity_schema_version": 0,
          "private": "eyJzY2hlbWFfdmVyc2lvbiI6IjAifQ=="
        }
      ]
    },
    {
      "module": "module.lambda",
      "mode": "managed",
      "type": "aws_cloudwatch_log_group",
      "name": "users_crud",
      "provider": "provider[\"registry.terraform.io/hashicorp/aws\"]",
      "instances": [
        {
          "schema_version": 0,
          "attributes": {
            "arn": "arn:aws:logs:us-east-1:640168409035:log-group:/aws/lambda/users-crud-dev",
            "id": "/aws/lambda/users-crud-dev",
            "kms_key_id": "",
            "log_group_class": "STANDARD",
            "name": "/aws/lambda/users-crud-dev",
            "name_prefix": "",
            "retention_in_days": 14,
            "skip_destroy": false,
            "tags": {},
            "tags_all": {}
          },
          "sensitive_attributes": [],
          "identity_schema_version": 0,
          "private": "eyJzY2hlbWFfdmVyc2lvbiI6IjAifQ=="
        }
      ]
    },
    {
      "module": "module.lambda",
      "mode": "managed",
      "type": "aws_iam_policy",
      "name": "lambda_cloudwatch_policy",
      "provider": "provider[\"registry.terraform.io/hashicorp/aws\"]",
      "instances": [
        {
          "schema_version": 0,
          "attributes": {
            "arn": "arn:aws:iam::640168409035:policy/dev-lambda-cloudwatch-policy",
            "attachment_count": 1,
            "description": "IAM policy for Lambda to write logs to CloudWatch",
            "id": "arn:aws:iam::640168409035:policy/dev-lambda-cloudwatch-policy",
            "name": "dev-lambda-cloudwatch-policy",
            "name_prefix": "",
            "path": "/",
            "policy": "{\"Statement\":[{\"Action\":[\"logs:CreateLogGroup\",\"logs:CreateLogStream\",\"logs:PutLogEvents\"],\"Effect\":\"Allow\",\"Resource\":\"arn:aws:logs:*:*:*\"}],\"Version\":\"2012-10-17\"}",
            "policy_id": "ANPAZKDICW7FVWMRADIFY",
            "tags": {},
            "tags_all": {}
          },
          "sensitive_attributes": [],
          "identity_schema_version": 0,
          "private": "eyJzY2hlbWFfdmVyc2lvbiI6IjAifQ=="
        }
      ]
    },
    {
      "module": "module.lambda",
      "mode": "managed",
      "type": "aws_iam_policy",
      "name": "lambda_cognito_policy",
      "provider": "provider[\"registry.terraform.io/hashicorp/aws\"]",
      "instances": [
        {
          "schema_version": 0,
          "attributes": {
            "arn": "arn:aws:iam::640168409035:policy/dev-lambda-cognito-policy",
            "attachment_count": 1,
            "description": "IAM policy for Lambda to access Cognito",
            "id": "arn:aws:iam::640168409035:policy/dev-lambda-cognito-policy",
            "name": "dev-lambda-cognito-policy",
            "name_prefix": "",
            "path": "/",
            "policy": "{\"Statement\":[{\"Action\":[\"cognito-idp:AdminCreateUser\",\"cognito-idp:AdminSetUserPassword\",\"cognito-idp:AdminUpdateUserAttributes\",\"cognito-idp:AdminDeleteUser\",\"cognito-idp:AdminListGroupsForUser\",\"cognito-idp:GetGroup\",\"cognito-idp:AdminAddUserToGroup\"],\"Effect\":\"Allow\",\"Resource\":\"arn:aws:cognito-idp:us-east-1:640168409035:userpool/us-east-1_EW4rM5Uqx\"}],\"Version\":\"2012-10-17\"}",
            "policy_id": "ANPAZKDICW7FVLCYN7GW5",
            "tags": {},
            "tags_all": {}
          },
          "sensitive_attributes": [],
          "identity_schema_version": 0,
          "private": "bnVsbA==",
          "dependencies": [
            "module.cognito.data.aws_cognito_user_pool.users_pool"
          ]
        }
      ]
    },
    {
      "module": "module.lambda",
      "mode": "managed",
      "type": "aws_iam_policy",
      "name": "lambda_dynamodb_policy",
      "provider": "provider[\"registry.terraform.io/hashicorp/aws\"]",
      "instances": [
        {
          "schema_version": 0,
          "attributes": {
            "arn": "arn:aws:iam::640168409035:policy/dev-lambda-dynamodb-policy",
            "attachment_count": 1,
            "description": "IAM policy for Lambda to access DynamoDB",
            "id": "arn:aws:iam::640168409035:policy/dev-lambda-dynamodb-policy",
            "name": "dev-lambda-dynamodb-policy",
            "name_prefix": "",
            "path": "/",
            "policy": "{\"Statement\":[{\"Action\":[\"dynamodb:GetItem\",\"dynamodb:PutItem\",\"dynamodb:UpdateItem\",\"dynamodb:DeleteItem\",\"dynamodb:Scan\",\"dynamodb:Query\"],\"Effect\":\"Allow\",\"Resource\":[\"arn:aws:dynamodb:us-east-1:640168409035:table/users-dev\",\"arn:aws:dynamodb:us-east-1:640168409035:table/users-dev/index/*\",\"arn:aws:dynamodb:us-east-1:640168409035:table/clinics-dev\",\"arn:aws:dynamodb:us-east-1:640168409035:table/clinics-dev/index/*\",\"arn:aws:dynamodb:us-east-1:640168409035:table/doctor-availability-dev\",\"arn:aws:dynamodb:us-east-1:640168409035:table/doctor-availability-dev/index/*\"]}],\"Version\":\"2012-10-17\"}",
            "policy_id": "ANPAZKDICW7FUWVV6BDER",
            "tags": {},
            "tags_all": {}
          },
          "sensitive_attributes": [],
          "identity_schema_version": 0,
          "private": "bnVsbA==",
          "dependencies": [
            "module.dynamodb.aws_dynamodb_table.clinics_table",
            "module.dynamodb.aws_dynamodb_table.doctor_availability",
            "module.dynamodb.aws_dynamodb_table.users_table"
          ]
        }
      ]
    },
    {
      "module": "module.lambda",
      "mode": "managed",
      "type": "aws_iam_policy",
      "name": "lambda_kms_policy",
      "provider": "provider[\"registry.terraform.io/hashicorp/aws\"]",
      "instances": [
        {
          "schema_version": 0,
          "attributes": {
            "arn": "arn:aws:iam::640168409035:policy/dev-lambda-kms-policy",
            "attachment_count": 1,
            "description": "Allow Lambda to use KMS key for env vars decryption",
            "id": "arn:aws:iam::640168409035:policy/dev-lambda-kms-policy",
            "name": "dev-lambda-kms-policy",
            "name_prefix": "",
            "path": "/",
            "policy": "{\"Statement\":[{\"Action\":[\"kms:Decrypt\",\"kms:Encrypt\",\"kms:DescribeKey\"],\"Effect\":\"Allow\",\"Resource\":\"arn:aws:kms:us-east-1:640168409035:key/f3f487ac-0df3-465d-947c-2d45c5272e1d\"}],\"Version\":\"2012-10-17\"}",
            "policy_id": "ANPAZKDICW7FWWW7OKICM",
            "tags": {},
            "tags_all": {}
          },
          "sensitive_attributes": [],
          "identity_schema_version": 0,
          "private": "eyJzY2hlbWFfdmVyc2lvbiI6IjAifQ=="
        }
      ]
    },
    {
      "module": "module.lambda",
      "mode": "managed",
      "type": "aws_iam_policy",
      "name": "lambda_ses_policy",
      "provider": "provider[\"registry.terraform.io/hashicorp/aws\"]",
      "instances": [
        {
          "schema_version": 0,
          "attributes": {
            "arn": "arn:aws:iam::640168409035:policy/dev-lambda-ses-policy",
            "attachment_count": 1,
            "description": "IAM policy for Lambda to send emails via SES",
            "id": "arn:aws:iam::640168409035:policy/dev-lambda-ses-policy",
            "name": "dev-lambda-ses-policy",
            "name_prefix": "",
            "path": "/",
            "policy": "{\"Statement\":[{\"Action\":[\"ses:SendEmail\",\"ses:SendRawEmail\"],\"Effect\":\"Allow\",\"Resource\":\"*\"}],\"Version\":\"2012-10-17\"}",
            "policy_id": "ANPAZKDICW7FQDZG6PDNO",
            "tags": {},
            "tags_all": {}
          },
          "sensitive_attributes": [],
          "identity_schema_version": 0,
          "private": "eyJzY2hlbWFfdmVyc2lvbiI6IjAifQ=="
        }
      ]
    },
    {
      "module": "module.lambda",
      "mode": "managed",
      "type": "aws_iam_role",
      "name": "lambda_role",
      "provider": "provider[\"registry.terraform.io/hashicorp/aws\"]",
      "instances": [
        {
          "schema_version": 0,
          "attributes": {
            "arn": "arn:aws:iam::640168409035:role/dev-lambda-role",
            "assume_role_policy": "{\"Statement\":[{\"Action\":\"sts:AssumeRole\",\"Effect\":\"Allow\",\"Principal\":{\"Service\":\"lambda.amazonaws.com\"}}],\"Version\":\"2012-10-17\"}",
            "create_date": "2025-07-16T16:57:59Z",
            "description": "",
            "force_detach_policies": false,
            "id": "dev-lambda-role",
            "inline_policy": [],
            "managed_policy_arns": [
              "arn:aws:iam::640168409035:policy/dev-lambda-cloudwatch-policy",
              "arn:aws:iam::640168409035:policy/dev-lambda-cognito-policy",
              "arn:aws:iam::640168409035:policy/dev-lambda-dynamodb-policy",
              "arn:aws:iam::640168409035:policy/dev-lambda-kms-policy",
              "arn:aws:iam::640168409035:policy/dev-lambda-ses-policy"
            ],
            "max_session_duration": 3600,
            "name": "dev-lambda-role",
            "name_prefix": "",
            "path": "/",
            "permissions_boundary": "",
            "tags": {
              "Environment": "dev",
              "Project": "users-api"
            },
            "tags_all": {
              "Environment": "dev",
              "Project": "users-api"
            },
            "unique_id": "AROAZKDICW7F4LMXBK6KA"
          },
          "sensitive_attributes": [],
          "identity_schema_version": 0,
          "private": "eyJzY2hlbWFfdmVyc2lvbiI6IjAifQ=="
        }
      ]
    },
    {
      "module": "module.lambda",
      "mode": "managed",
      "type": "aws_iam_role_policy_attachment",
      "name": "lambda_cloudwatch_attachment",
      "provider": "provider[\"registry.terraform.io/hashicorp/aws\"]",
      "instances": [
        {
          "schema_version": 0,
          "attributes": {
            "id": "dev-lambda-role-20260408212903261200000002",
            "policy_arn": "arn:aws:iam::640168409035:policy/dev-lambda-cloudwatch-policy",
            "role": "dev-lambda-role"
          },
          "sensitive_attributes": [],
          "identity_schema_version": 0,
          "private": "bnVsbA==",
          "dependencies": [
            "module.lambda.aws_iam_policy.lambda_cloudwatch_policy",
            "module.lambda.aws_iam_role.lambda_role"
          ]
        }
      ]
    },
    {
      "module": "module.lambda",
      "mode": "managed",
      "type": "aws_iam_role_policy_attachment",
      "name": "lambda_cognito_attachment",
      "provider": "provider[\"registry.terraform.io/hashicorp/aws\"]",
      "instances": [
        {
          "schema_version": 0,
          "attributes": {
            "id": "dev-lambda-role-20260408212903474400000004",
            "policy_arn": "arn:aws:iam::640168409035:policy/dev-lambda-cognito-policy",
            "role": "dev-lambda-role"
          },
          "sensitive_attributes": [],
          "identity_schema_version": 0,
          "private": "bnVsbA==",
          "dependencies": [
            "module.cognito.data.aws_cognito_user_pool.users_pool",
            "module.lambda.aws_iam_policy.lambda_cognito_policy",
            "module.lambda.aws_iam_role.lambda_role"
          ]
        }
      ]
    },
    {
      "module": "module.lambda",
      "mode": "managed",
      "type": "aws_iam_role_policy_attachment",
      "name": "lambda_dynamodb_attachment",
      "provider": "provider[\"registry.terraform.io/hashicorp/aws\"]",
      "instances": [
        {
          "schema_version": 0,
          "attributes": {
            "id": "dev-lambda-role-20260408220229751800000001",
            "policy_arn": "arn:aws:iam::640168409035:policy/dev-lambda-dynamodb-policy",
            "role": "dev-lambda-role"
          },
          "sensitive_attributes": [],
          "identity_schema_version": 0,
          "private": "bnVsbA==",
          "dependencies": [
            "module.dynamodb.aws_dynamodb_table.clinics_table",
            "module.dynamodb.aws_dynamodb_table.doctor_availability",
            "module.dynamodb.aws_dynamodb_table.users_table",
            "module.lambda.aws_iam_policy.lambda_dynamodb_policy",
            "module.lambda.aws_iam_role.lambda_role"
          ]
        }
      ]
    },
    {
      "module": "module.lambda",
      "mode": "managed",
      "type": "aws_iam_role_policy_attachment",
      "name": "lambda_kms_attachment",
      "provider": "provider[\"registry.terraform.io/hashicorp/aws\"]",
      "instances": [
        {
          "schema_version": 0,
          "attributes": {
            "id": "dev-lambda-role-20260408212903258300000001",
            "policy_arn": "arn:aws:iam::640168409035:policy/dev-lambda-kms-policy",
            "role": "dev-lambda-role"
          },
          "sensitive_attributes": [],
          "identity_schema_version": 0,
          "private": "bnVsbA==",
          "dependencies": [
            "module.lambda.aws_iam_policy.lambda_kms_policy",
            "module.lambda.aws_iam_role.lambda_role"
          ]
        }
      ]
    },
    {
      "module": "module.lambda",
      "mode": "managed",
      "type": "aws_iam_role_policy_attachment",
      "name": "lambda_ses_attachment",
      "provider": "provider[\"registry.terraform.io/hashicorp/aws\"]",
      "instances": [
        {
          "schema_version": 0,
          "attributes": {
            "id": "dev-lambda-role-20260408212903316000000003",
            "policy_arn": "arn:aws:iam::640168409035:policy/dev-lambda-ses-policy",
            "role": "dev-lambda-role"
          },
          "sensitive_attributes": [],
          "identity_schema_version": 0,
          "private": "bnVsbA==",
          "dependencies": [
            "module.lambda.aws_iam_policy.lambda_ses_policy",
            "module.lambda.aws_iam_role.lambda_role"
          ]
        }
      ]
    },
    {
      "module": "module.lambda",
      "mode": "managed",
      "type": "aws_lambda_function",
      "name": "availability_crud",
      "provider": "provider[\"registry.terraform.io/hashicorp/aws\"]",
      "instances": [
        {
          "schema_version": 0,
          "attributes": {
            "architectures": [
              "x86_64"
            ],
            "arn": "arn:aws:lambda:us-east-1:640168409035:function:availability-crud-dev",
            "code_sha256": "Fsg+YbPZKddO8gvZdHwbfgqIj7YH0kW34qzxBIsP41Y=",
            "code_signing_config_arn": "",
            "dead_letter_config": [],
            "description": "",
            "environment": [
              {
                "variables": {
                  "AVAILABILITY_TABLE": "doctor-availability-dev",
                  "ENVIRONMENT": "dev",
                  "USER_POOL_ID": "us-east-1_EW4rM5Uqx"
                }
              }
            ],
            "ephemeral_storage": [
              {
                "size": 512
              }
            ],
            "file_system_config": [],
            "filename": "../../../dist/availability_lambda.zip",
            "function_name": "availability-crud-dev",
            "handler": "availability_function.lambda_handler",
            "id": "availability-crud-dev",
            "image_config": [],
            "image_uri": "",
            "invoke_arn": "arn:aws:apigateway:us-east-1:lambda:path/2015-03-31/functions/arn:aws:lambda:us-east-1:640168409035:function:availability-crud-dev/invocations",
            "kms_key_arn": "",
            "last_modified": "2026-04-09T21:48:46.805+0000",
            "layers": [],
            "logging_config": [
              {
                "application_log_level": "",
                "log_format": "Text",
                "log_group": "/aws/lambda/availability-crud-dev",
                "system_log_level": ""
              }
            ],
            "memory_size": 128,
            "package_type": "Zip",
            "publish": false,
            "qualified_arn": "arn:aws:lambda:us-east-1:640168409035:function:availability-crud-dev:$LATEST",
            "qualified_invoke_arn": "arn:aws:apigateway:us-east-1:lambda:path/2015-03-31/functions/arn:aws:lambda:us-east-1:640168409035:function:availability-crud-dev:$LATEST/invocations",
            "replace_security_groups_on_destroy": null,
            "replacement_security_group_ids": null,
            "reserved_concurrent_executions": -1,
            "role": "arn:aws:iam::640168409035:role/dev-lambda-role",
            "runtime": "python3.9",
            "s3_bucket": null,
            "s3_key": null,
            "s3_object_version": null,
            "signing_job_arn": "",
            "signing_profile_version_arn": "",
            "skip_destroy": false,
            "snap_start": [],
            "source_code_hash": "Fsg+YbPZKddO8gvZdHwbfgqIj7YH0kW34qzxBIsP41Y=",
            "source_code_size": 211269,
            "tags": {
              "Environment": "dev",
              "Project": "users-api"
            },
            "tags_all": {
              "Environment": "dev",
              "Project": "users-api"
            },
            "timeout": 30,
            "timeouts": null,
            "tracing_config": [
              {
                "mode": "PassThrough"
              }
            ],
            "version": "$LATEST",
            "vpc_config": []
          },
          "sensitive_attributes": [],
          "identity_schema_version": 0,
          "private": "eyJlMmJmYjczMC1lY2FhLTExZTYtOGY4OC0zNDM2M2JjN2M0YzAiOnsiY3JlYXRlIjo2MDAwMDAwMDAwMDAsImRlbGV0ZSI6NjAwMDAwMDAwMDAwLCJ1cGRhdGUiOjYwMDAwMDAwMDAwMH19",
          "dependencies": [
            "module.cognito.data.aws_cognito_user_pool.users_pool",
            "module.dynamodb.aws_dynamodb_table.doctor_availability",
            "module.lambda.aws_iam_role.lambda_role"
          ]
        }
      ]
    },
    {
      "module": "module.lambda",
      "mode": "managed",
      "type": "aws_lambda_function",
      "name": "clinics_crud",
      "provider": "provider[\"registry.terraform.io/hashicorp/aws\"]",
      "instances": [
        {
          "schema_version": 0,
          "attributes": {
            "architectures": [
              "x86_64"
            ],
            "arn": "arn:aws:lambda:us-east-1:640168409035:function:clinics-crud-dev",
            "code_sha256": "F281aLA5NuRhnpt6WPiFRqdcVxqr01f0EUk88u0F5y8=",
            "code_signing_config_arn": "",
            "dead_letter_config": [],
            "description": "",
            "environment": [
              {
                "variables": {
                  "CLINICS_TABLE": "clinics-dev",
                  "ENVIRONMENT": "dev",
                  "USER_CLINIC_ADSCRIPTION_TABLE": "user-clinic-adscription-dev",
                  "USER_POOL_ID": "us-east-1_EW4rM5Uqx"
                }
              }
            ],
            "ephemeral_storage": [
              {
                "size": 512
              }
            ],
            "file_system_config": [],
            "filename": "../../../dist/clinics_lambda.zip",
            "function_name": "clinics-crud-dev",
            "handler": "clinics_function.lambda_handler",
            "id": "clinics-crud-dev",
            "image_config": [],
            "image_uri": "",
            "invoke_arn": "arn:aws:apigateway:us-east-1:lambda:path/2015-03-31/functions/arn:aws:lambda:us-east-1:640168409035:function:clinics-crud-dev/invocations",
            "kms_key_arn": "",
            "last_modified": "2026-04-09T21:48:33.000+0000",
            "layers": [],
            "logging_config": [
              {
                "application_log_level": "",
                "log_format": "Text",
                "log_group": "/aws/lambda/clinics-crud-dev",
                "system_log_level": ""
              }
            ],
            "memory_size": 128,
            "package_type": "Zip",
            "publish": false,
            "qualified_arn": "arn:aws:lambda:us-east-1:640168409035:function:clinics-crud-dev:$LATEST",
            "qualified_invoke_arn": "arn:aws:apigateway:us-east-1:lambda:path/2015-03-31/functions/arn:aws:lambda:us-east-1:640168409035:function:clinics-crud-dev:$LATEST/invocations",
            "replace_security_groups_on_destroy": null,
            "replacement_security_group_ids": null,
            "reserved_concurrent_executions": -1,
            "role": "arn:aws:iam::640168409035:role/dev-lambda-role",
            "runtime": "python3.9",
            "s3_bucket": null,
            "s3_key": null,
            "s3_object_version": null,
            "signing_job_arn": "",
            "signing_profile_version_arn": "",
            "skip_destroy": false,
            "snap_start": [],
            "source_code_hash": "F281aLA5NuRhnpt6WPiFRqdcVxqr01f0EUk88u0F5y8=",
            "source_code_size": 210383,
            "tags": {
              "Environment": "dev",
              "Project": "users-api"
            },
            "tags_all": {
              "Environment": "dev",
              "Project": "users-api"
            },
            "timeout": 30,
            "timeouts": null,
            "tracing_config": [
              {
                "mode": "PassThrough"
              }
            ],
            "version": "$LATEST",
            "vpc_config": []
          },
          "sensitive_attributes": [],
          "identity_schema_version": 0,
          "private": "eyJlMmJmYjczMC1lY2FhLTExZTYtOGY4OC0zNDM2M2JjN2M0YzAiOnsiY3JlYXRlIjo2MDAwMDAwMDAwMDAsImRlbGV0ZSI6NjAwMDAwMDAwMDAwLCJ1cGRhdGUiOjYwMDAwMDAwMDAwMH19",
          "dependencies": [
            "module.cognito.data.aws_cognito_user_pool.users_pool",
            "module.dynamodb.aws_dynamodb_table.clinics_table",
            "module.dynamodb.aws_dynamodb_table.user_clinic_adscription",
            "module.lambda.aws_iam_role.lambda_role"
          ]
        }
      ]
    },
    {
      "module": "module.lambda",
      "mode": "managed",
      "type": "aws_lambda_function",
      "name": "email_sender",
      "provider": "provider[\"registry.terraform.io/hashicorp/aws\"]",
      "instances": [
        {
          "schema_version": 0,
          "attributes": {
            "architectures": [
              "x86_64"
            ],
            "arn": "arn:aws:lambda:us-east-1:640168409035:function:email-sender-dev",
            "code_sha256": "fecyATjfVG1I/7u+rzOZnv0U1Bd92zdvZd4SrycwwJQ=",
            "code_signing_config_arn": "",
            "dead_letter_config": [],
            "description": "",
            "environment": [
              {
                "variables": {
                  "ENVIRONMENT": "dev",
                  "SES_FROM_EMAIL": "wilavel@gmail.com",
                  "SES_TO_EMAIL": "centraldent1@gmail.com"
                }
              }
            ],
            "ephemeral_storage": [
              {
                "size": 512
              }
            ],
            "file_system_config": [],
            "filename": "../../../dist/email_lambda.zip",
            "function_name": "email-sender-dev",
            "handler": "email_function.lambda_handler",
            "id": "email-sender-dev",
            "image_config": [],
            "image_uri": "",
            "invoke_arn": "arn:aws:apigateway:us-east-1:lambda:path/2015-03-31/functions/arn:aws:lambda:us-east-1:640168409035:function:email-sender-dev/invocations",
            "kms_key_arn": "",
            "last_modified": "2026-04-09T21:48:20.000+0000",
            "layers": [],
            "logging_config": [
              {
                "application_log_level": "",
                "log_format": "Text",
                "log_group": "/aws/lambda/email-sender-dev",
                "system_log_level": ""
              }
            ],
            "memory_size": 128,
            "package_type": "Zip",
            "publish": false,
            "qualified_arn": "arn:aws:lambda:us-east-1:640168409035:function:email-sender-dev:$LATEST",
            "qualified_invoke_arn": "arn:aws:apigateway:us-east-1:lambda:path/2015-03-31/functions/arn:aws:lambda:us-east-1:640168409035:function:email-sender-dev:$LATEST/invocations",
            "replace_security_groups_on_destroy": null,
            "replacement_security_group_ids": null,
            "reserved_concurrent_executions": -1,
            "role": "arn:aws:iam::640168409035:role/dev-lambda-role",
            "runtime": "python3.9",
            "s3_bucket": null,
            "s3_key": null,
            "s3_object_version": null,
            "signing_job_arn": "",
            "signing_profile_version_arn": "",
            "skip_destroy": false,
            "snap_start": [],
            "source_code_hash": "fecyATjfVG1I/7u+rzOZnv0U1Bd92zdvZd4SrycwwJQ=",
            "source_code_size": 209683,
            "tags": {
              "Environment": "dev",
              "Project": "users-api"
            },
            "tags_all": {
              "Environment": "dev",
              "Project": "users-api"
            },
            "timeout": 30,
            "timeouts": null,
            "tracing_config": [
              {
                "mode": "PassThrough"
              }
            ],
            "version": "$LATEST",
            "vpc_config": []
          },
          "sensitive_attributes": [],
          "identity_schema_version": 0,
          "private": "eyJlMmJmYjczMC1lY2FhLTExZTYtOGY4OC0zNDM2M2JjN2M0YzAiOnsiY3JlYXRlIjo2MDAwMDAwMDAwMDAsImRlbGV0ZSI6NjAwMDAwMDAwMDAwLCJ1cGRhdGUiOjYwMDAwMDAwMDAwMH19",
          "dependencies": [
            "module.lambda.aws_iam_role.lambda_role"
          ]
        }
      ]
    },
    {
      "module": "module.lambda",
      "mode": "managed",
      "type": "aws_lambda_function",
      "name": "users_crud",
      "provider": "provider[\"registry.terraform.io/hashicorp/aws\"]",
      "instances": [
        {
          "schema_version": 0,
          "attributes": {
            "architectures": [
              "x86_64"
            ],
            "arn": "arn:aws:lambda:us-east-1:640168409035:function:users-crud-dev",
            "code_sha256": "xrIqj5OSSFCIGROEwLh97aXzZzY0V2htg7IdMvVQTo4=",
            "code_signing_config_arn": "",
            "dead_letter_config": [],
            "description": "",
            "environment": [
              {
                "variables": {
                  "ENVIRONMENT": "dev",
                  "SES_FROM_EMAIL": "wilavel@gmail.com",
                  "USERS_TABLE": "users-dev",
                  "USER_CLINIC_ADSCRIPTION_TABLE": "user-clinic-adscription-dev",
                  "USER_POOL_ID": "us-east-1_EW4rM5Uqx"
                }
              }
            ],
            "ephemeral_storage": [
              {
                "size": 512
              }
            ],
            "file_system_config": [],
            "filename": "../../../dist/users_lambda.zip",
            "function_name": "users-crud-dev",
            "handler": "users_function.lambda_handler",
            "id": "users-crud-dev",
            "image_config": [],
            "image_uri": "",
            "invoke_arn": "arn:aws:apigateway:us-east-1:lambda:path/2015-03-31/functions/arn:aws:lambda:us-east-1:640168409035:function:users-crud-dev/invocations",
            "kms_key_arn": "",
            "last_modified": "2026-04-09T21:48:26.000+0000",
            "layers": [],
            "logging_config": [
              {
                "application_log_level": "",
                "log_format": "Text",
                "log_group": "/aws/lambda/users-crud-dev",
                "system_log_level": ""
              }
            ],
            "memory_size": 128,
            "package_type": "Zip",
            "publish": false,
            "qualified_arn": "arn:aws:lambda:us-east-1:640168409035:function:users-crud-dev:$LATEST",
            "qualified_invoke_arn": "arn:aws:apigateway:us-east-1:lambda:path/2015-03-31/functions/arn:aws:lambda:us-east-1:640168409035:function:users-crud-dev:$LATEST/invocations",
            "replace_security_groups_on_destroy": null,
            "replacement_security_group_ids": null,
            "reserved_concurrent_executions": -1,
            "role": "arn:aws:iam::640168409035:role/dev-lambda-role",
            "runtime": "python3.9",
            "s3_bucket": null,
            "s3_key": null,
            "s3_object_version": null,
            "signing_job_arn": "",
            "signing_profile_version_arn": "",
            "skip_destroy": false,
            "snap_start": [],
            "source_code_hash": "xrIqj5OSSFCIGROEwLh97aXzZzY0V2htg7IdMvVQTo4=",
            "source_code_size": 211567,
            "tags": {
              "Environment": "dev",
              "Project": "users-api"
            },
            "tags_all": {
              "Environment": "dev",
              "Project": "users-api"
            },
            "timeout": 30,
            "timeouts": null,
            "tracing_config": [
              {
                "mode": "PassThrough"
              }
            ],
            "version": "$LATEST",
            "vpc_config": []
          },
          "sensitive_attributes": [],
          "identity_schema_version": 0,
          "private": "eyJlMmJmYjczMC1lY2FhLTExZTYtOGY4OC0zNDM2M2JjN2M0YzAiOnsiY3JlYXRlIjo2MDAwMDAwMDAwMDAsImRlbGV0ZSI6NjAwMDAwMDAwMDAwLCJ1cGRhdGUiOjYwMDAwMDAwMDAwMH19",
          "dependencies": [
            "module.cognito.data.aws_cognito_user_pool.users_pool",
            "module.dynamodb.aws_dynamodb_table.user_clinic_adscription",
            "module.dynamodb.aws_dynamodb_table.users_table",
            "module.lambda.aws_iam_role.lambda_role"
          ]
        }
      ]
    },
    {
      "module": "module.lambda",
      "mode": "managed",
      "type": "aws_lambda_function",
      "name": "whatsapp_webhook",
      "provider": "provider[\"registry.terraform.io/hashicorp/aws\"]",
      "instances": [
        {
          "schema_version": 0,
          "attributes": {
            "architectures": [
              "x86_64"
            ],
            "arn": "arn:aws:lambda:us-east-1:640168409035:function:whatsapp-webhook-dev",
            "code_sha256": "stJWMTDAF+LAQFAFkCEnJnW8ujhcd5o1b6iJwW4LqLk=",
            "code_signing_config_arn": "",
            "dead_letter_config": [],
            "description": "",
            "environment": [
              {
                "variables": {
                  "ENVIRONMENT": "dev",
                  "WHATSAPP_API_TOKEN": "EAAdcKbzyeZAUBRK8dC32gDSdqNcAVWZAwZB81iezRsMNqnUzmQ8PEnCR0ROaVI2Ccp0tpJQ2fUGmkpGTnUjU7VrZAJvZCkZBpnJanYob7p0ieJx9qMN8lcQJbordZBbDhy2tNMhrbiVDU5I7QINl1zI2uIVDHFn5l37wFjMDQKg19HStphzlKBIHOEyoexcxHZCoxwHyHyTEWE8ZCyKZASyS1mxGTQV4gZCxLlgpkwTz64ZCHvnmnAOMCZBhYumehFRRc23nEGNsypd60IitxISTkDOn6tgZDZD",
                  "WHATSAPP_PHONE_NUMBER_ID": "1089749260887892",
                  "WHATSAPP_VERIFY_TOKEN": "agenda-webhook-2024"
                }
              }
            ],
            "ephemeral_storage": [
              {
                "size": 512
              }
            ],
            "file_system_config": [],
            "filename": "../../../dist/get_ws_message_lambda.zip",
            "function_name": "whatsapp-webhook-dev",
            "handler": "get_ws_message.lambda_handler",
            "id": "whatsapp-webhook-dev",
            "image_config": [],
            "image_uri": "",
            "invoke_arn": "arn:aws:apigateway:us-east-1:lambda:path/2015-03-31/functions/arn:aws:lambda:us-east-1:640168409035:function:whatsapp-webhook-dev/invocations",
            "kms_key_arn": "",
            "last_modified": "2026-04-09T21:48:40.000+0000",
            "layers": [],
            "logging_config": [
              {
                "application_log_level": "",
                "log_format": "Text",
                "log_group": "/aws/lambda/whatsapp-webhook-dev",
                "system_log_level": ""
              }
            ],
            "memory_size": 128,
            "package_type": "Zip",
            "publish": false,
            "qualified_arn": "arn:aws:lambda:us-east-1:640168409035:function:whatsapp-webhook-dev:$LATEST",
            "qualified_invoke_arn": "arn:aws:apigateway:us-east-1:lambda:path/2015-03-31/functions/arn:aws:lambda:us-east-1:640168409035:function:whatsapp-webhook-dev:$LATEST/invocations",
            "replace_security_groups_on_destroy": null,
            "replacement_security_group_ids": null,
            "reserved_concurrent_executions": -1,
            "role": "arn:aws:iam::640168409035:role/dev-lambda-role",
            "runtime": "python3.9",
            "s3_bucket": null,
            "s3_key": null,
            "s3_object_version": null,
            "signing_job_arn": "",
            "signing_profile_version_arn": "",
            "skip_destroy": false,
            "snap_start": [],
            "source_code_hash": "stJWMTDAF+LAQFAFkCEnJnW8ujhcd5o1b6iJwW4LqLk=",
            "source_code_size": 209241,
            "tags": {
              "Environment": "dev",
              "Project": "users-api"
            },
            "tags_all": {
              "Environment": "dev",
              "Project": "users-api"
            },
            "timeout": 30,
            "timeouts": null,
            "tracing_config": [
              {
                "mode": "PassThrough"
              }
            ],
            "version": "$LATEST",
            "vpc_config": []
          },
          "sensitive_attributes": [
            [
              {
                "type": "get_attr",
                "value": "environment"
              },
              {
                "type": "index",
                "value": {
                  "value": 0,
                  "type": "number"
                }
              },
              {
                "type": "get_attr",
                "value": "variables"
              },
              {
                "type": "index",
                "value": {
                  "value": "WHATSAPP_API_TOKEN",
                  "type": "string"
                }
              }
            ],
            [
              {
                "type": "get_attr",
                "value": "environment"
              },
              {
                "type": "index",
                "value": {
                  "value": 0,
                  "type": "number"
                }
              },
              {
                "type": "get_attr",
                "value": "variables"
              },
              {
                "type": "index",
                "value": {
                  "value": "WHATSAPP_VERIFY_TOKEN",
                  "type": "string"
                }
              }
            ]
          ],
          "identity_schema_version": 0,
          "private": "eyJlMmJmYjczMC1lY2FhLTExZTYtOGY4OC0zNDM2M2JjN2M0YzAiOnsiY3JlYXRlIjo2MDAwMDAwMDAwMDAsImRlbGV0ZSI6NjAwMDAwMDAwMDAwLCJ1cGRhdGUiOjYwMDAwMDAwMDAwMH19",
          "dependencies": [
            "module.lambda.aws_iam_role.lambda_role"
          ]
        }
      ]
    }
  ],
  "check_results": null
}
